// !$*UTF8*$!
{
	archiveVersion = 1;
	classes = {
	};
	objectVersion = 46;
	objects = {

/* Begin PBXBuildFile section */
		F304498B1E236F7900309E81 /* NotificationCenter.framework in Frameworks */ = {isa = PBXBuildFile; fileRef = F304498A1E236F7900309E81 /* NotificationCenter.framework */; };
		F304498F1E236F7900309E81 /* TodayViewController.m in Sources */ = {isa = PBXBuildFile; fileRef = F304498E1E236F7900309E81 /* TodayViewController.m */; };
		F30449921E236F7900309E81 /* MainInterface.storyboard in Resources */ = {isa = PBXBuildFile; fileRef = F30449901E236F7900309E81 /* MainInterface.storyboard */; };
		F30449961E236F7900309E81 /* TodayExtension.appex in Embed App Extensions */ = {isa = PBXBuildFile; fileRef = F30449891E236F7900309E81 /* TodayExtension.appex */; settings = {ATTRIBUTES = (RemoveHeadersOnCopy, ); }; };
		F30449A91E23727F00309E81 /* 1.PNG in Resources */ = {isa = PBXBuildFile; fileRef = F304499C1E23727F00309E81 /* 1.PNG */; };
		F30449AA1E23727F00309E81 /* 2.PNG in Resources */ = {isa = PBXBuildFile; fileRef = F304499D1E23727F00309E81 /* 2.PNG */; };
		F30449AB1E23727F00309E81 /* LCnterViewController.m in Sources */ = {isa = PBXBuildFile; fileRef = F304499F1E23727F00309E81 /* LCnterViewController.m */; };
		F30449AC1E23727F00309E81 /* LCnterView.m in Sources */ = {isa = PBXBuildFile; fileRef = F30449A21E23727F00309E81 /* LCnterView.m */; };
		F30449AD1E23727F00309E81 /* LDrawerViewController.m in Sources */ = {isa = PBXBuildFile; fileRef = F30449A41E23727F00309E81 /* LDrawerViewController.m */; };
		F30449AE1E23727F00309E81 /* LViewController.m in Sources */ = {isa = PBXBuildFile; fileRef = F30449A61E23727F00309E81 /* LViewController.m */; };
		F30449AF1E23727F00309E81 /* LLeftViewController.m in Sources */ = {isa = PBXBuildFile; fileRef = F30449A81E23727F00309E81 /* LLeftViewController.m */; };
		F35138E81DF5693D009F8A1C /* libSocialQQ.a in Frameworks */ = {isa = PBXBuildFile; fileRef = F35138C51DF5693D009F8A1C /* libSocialQQ.a */; };
		F35138E91DF5693D009F8A1C /* TencentOpenAPI.framework in Frameworks */ = {isa = PBXBuildFile; fileRef = F35138C61DF5693D009F8A1C /* TencentOpenAPI.framework */; };
		F35138EA1DF5693E009F8A1C /* TencentOpenApi_IOS_Bundle.bundle in Resources */ = {isa = PBXBuildFile; fileRef = F35138C71DF5693D009F8A1C /* TencentOpenApi_IOS_Bundle.bundle */; };
		F35138EB1DF5693E009F8A1C /* libSocialSina.a in Frameworks */ = {isa = PBXBuildFile; fileRef = F35138CA1DF5693D009F8A1C /* libSocialSina.a */; };
		F35138EC1DF5693E009F8A1C /* libWeiboSDK.a in Frameworks */ = {isa = PBXBuildFile; fileRef = F35138CB1DF5693D009F8A1C /* libWeiboSDK.a */; };
		F35138ED1DF5693E009F8A1C /* WeiboSDK.bundle in Resources */ = {isa = PBXBuildFile; fileRef = F35138D61DF5693D009F8A1C /* WeiboSDK.bundle */; };
		F35138EE1DF5693E009F8A1C /* libSocialWeChat.a in Frameworks */ = {isa = PBXBuildFile; fileRef = F35138DA1DF5693D009F8A1C /* libSocialWeChat.a */; };
		F35138EF1DF5693E009F8A1C /* libWeChatSDK.a in Frameworks */ = {isa = PBXBuildFile; fileRef = F35138DB1DF5693D009F8A1C /* libWeChatSDK.a */; };
		F35138F01DF5693E009F8A1C /* read_me.txt in Resources */ = {isa = PBXBuildFile; fileRef = F35138DC1DF5693D009F8A1C /* read_me.txt */; };
		F35138F11DF5693E009F8A1C /* README.txt in Resources */ = {isa = PBXBuildFile; fileRef = F35138DD1DF5693D009F8A1C /* README.txt */; };
		F35138F21DF5693E009F8A1C /* UMSocialCore.framework in Frameworks */ = {isa = PBXBuildFile; fileRef = F35138E31DF5693D009F8A1C /* UMSocialCore.framework */; };
		F35138F31DF5693E009F8A1C /* UMSocialNetwork.framework in Frameworks */ = {isa = PBXBuildFile; fileRef = F35138E41DF5693D009F8A1C /* UMSocialNetwork.framework */; };
		F35138F41DF5693E009F8A1C /* UMSocialSDKResources.bundle in Resources */ = {isa = PBXBuildFile; fileRef = F35138E61DF5693D009F8A1C /* UMSocialSDKResources.bundle */; };
		F35138F51DF5693E009F8A1C /* UShareUI.framework in Frameworks */ = {isa = PBXBuildFile; fileRef = F35138E71DF5693D009F8A1C /* UShareUI.framework */; };
		F35138F81DF581B0009F8A1C /* UMengController.m in Sources */ = {isa = PBXBuildFile; fileRef = F35138F71DF581B0009F8A1C /* UMengController.m */; };
		F35139331DF6EB2E009F8A1C /* UMMobClick.framework in Frameworks */ = {isa = PBXBuildFile; fileRef = F35139321DF6EB2E009F8A1C /* UMMobClick.framework */; };
		F35139361DF6EBC3009F8A1C /* UMMobClick.framework in Frameworks */ = {isa = PBXBuildFile; fileRef = F35139351DF6EBC3009F8A1C /* UMMobClick.framework */; };
		F356D55C1E5BE95D00F298E9 /* ImageTextViewController.m in Sources */ = {isa = PBXBuildFile; fileRef = F356D55B1E5BE95D00F298E9 /* ImageTextViewController.m */; };
		F356D55E1E5BEA9A00F298E9 /* bg_airticket_carrier@2x.png in Resources */ = {isa = PBXBuildFile; fileRef = F356D55D1E5BEA9A00F298E9 /* bg_airticket_carrier@2x.png */; };
		F38A28A81E0BCD2C00F1BD16 /* NSObject+YYModel.m in Sources */ = {isa = PBXBuildFile; fileRef = F38A28A41E0BCD2C00F1BD16 /* NSObject+YYModel.m */; };
		F38A28A91E0BCD2C00F1BD16 /* YYClassInfo.m in Sources */ = {isa = PBXBuildFile; fileRef = F38A28A61E0BCD2C00F1BD16 /* YYClassInfo.m */; };
		F38A28AC1E0BCDAB00F1BD16 /* YYModelController.m in Sources */ = {isa = PBXBuildFile; fileRef = F38A28AB1E0BCDAB00F1BD16 /* YYModelController.m */; };
		F38A28AF1E0BCE7000F1BD16 /* YYUser.m in Sources */ = {isa = PBXBuildFile; fileRef = F38A28AE1E0BCE6F00F1BD16 /* YYUser.m */; };
		F38A28B21E0BD05000F1BD16 /* YYBook.m in Sources */ = {isa = PBXBuildFile; fileRef = F38A28B11E0BD05000F1BD16 /* YYBook.m */; };
		F38A28B51E0BD31800F1BD16 /* YYAuthor.m in Sources */ = {isa = PBXBuildFile; fileRef = F38A28B41E0BD31800F1BD16 /* YYAuthor.m */; };
		F38A28B81E0BD33D00F1BD16 /* YYBook2.m in Sources */ = {isa = PBXBuildFile; fileRef = F38A28B71E0BD33D00F1BD16 /* YYBook2.m */; };
		F38A28BB1E0BD8D200F1BD16 /* YYAttributes.m in Sources */ = {isa = PBXBuildFile; fileRef = F38A28BA1E0BD8D200F1BD16 /* YYAttributes.m */; };
		F38A28BE1E0BEB6700F1BD16 /* YYShadow.m in Sources */ = {isa = PBXBuildFile; fileRef = F38A28BD1E0BEB6700F1BD16 /* YYShadow.m */; };
		F38A28C11E0BEB7700F1BD16 /* YYBorder.m in Sources */ = {isa = PBXBuildFile; fileRef = F38A28C01E0BEB7700F1BD16 /* YYBorder.m */; };
		F38A28C41E0BEB8F00F1BD16 /* YYAttachment.m in Sources */ = {isa = PBXBuildFile; fileRef = F38A28C31E0BEB8F00F1BD16 /* YYAttachment.m */; };
		F38A28DC1E0FE32400F1BD16 /* WBPopMenuModel.m in Sources */ = {isa = PBXBuildFile; fileRef = F38A28C81E0FE32400F1BD16 /* WBPopMenuModel.m */; };
		F38A28DD1E0FE32400F1BD16 /* WBPopMenuSingleton.m in Sources */ = {isa = PBXBuildFile; fileRef = F38A28CA1E0FE32400F1BD16 /* WBPopMenuSingleton.m */; };
		F38A28DE1E0FE32400F1BD16 /* WBPopMenuView.m in Sources */ = {isa = PBXBuildFile; fileRef = F38A28CC1E0FE32400F1BD16 /* WBPopMenuView.m */; };
		F38A28DF1E0FE32400F1BD16 /* WBTableViewCell.m in Sources */ = {isa = PBXBuildFile; fileRef = F38A28CE1E0FE32400F1BD16 /* WBTableViewCell.m */; };
		F38A28E01E0FE32400F1BD16 /* WBTableViewDataSource.m in Sources */ = {isa = PBXBuildFile; fileRef = F38A28D01E0FE32400F1BD16 /* WBTableViewDataSource.m */; };
		F38A28E11E0FE32400F1BD16 /* WBTableViewDelegate.m in Sources */ = {isa = PBXBuildFile; fileRef = F38A28D21E0FE32400F1BD16 /* WBTableViewDelegate.m */; };
		F38A28E21E0FE32400F1BD16 /* right_menu_addFri@3x.png in Resources */ = {isa = PBXBuildFile; fileRef = F38A28D41E0FE32400F1BD16 /* right_menu_addFri@3x.png */; };
		F38A28E31E0FE32400F1BD16 /* right_menu_facetoface@3x.png in Resources */ = {isa = PBXBuildFile; fileRef = F38A28D51E0FE32400F1BD16 /* right_menu_facetoface@3x.png */; };
		F38A28E41E0FE32400F1BD16 /* right_menu_multichat@3x.png in Resources */ = {isa = PBXBuildFile; fileRef = F38A28D61E0FE32400F1BD16 /* right_menu_multichat@3x.png */; };
		F38A28E51E0FE32400F1BD16 /* right_menu_payMoney@3x.png in Resources */ = {isa = PBXBuildFile; fileRef = F38A28D71E0FE32400F1BD16 /* right_menu_payMoney@3x.png */; };
		F38A28E61E0FE32400F1BD16 /* right_menu_QR@3x.png in Resources */ = {isa = PBXBuildFile; fileRef = F38A28D81E0FE32400F1BD16 /* right_menu_QR@3x.png */; };
		F38A28E71E0FE32400F1BD16 /* right_menu_sendFile@3x.png in Resources */ = {isa = PBXBuildFile; fileRef = F38A28D91E0FE32400F1BD16 /* right_menu_sendFile@3x.png */; };
		F38A28E81E0FE32400F1BD16 /* QQPopViewController.m in Sources */ = {isa = PBXBuildFile; fileRef = F38A28DB1E0FE32400F1BD16 /* QQPopViewController.m */; };
		F39D9C181DDD548300B2100A /* main.m in Sources */ = {isa = PBXBuildFile; fileRef = F39D9C171DDD548300B2100A /* main.m */; };
		F39D9C1B1DDD548300B2100A /* AppDelegate.m in Sources */ = {isa = PBXBuildFile; fileRef = F39D9C1A1DDD548300B2100A /* AppDelegate.m */; };
		F39D9C1E1DDD548300B2100A /* ViewController.m in Sources */ = {isa = PBXBuildFile; fileRef = F39D9C1D1DDD548300B2100A /* ViewController.m */; };
		F39D9C231DDD548400B2100A /* Assets.xcassets in Resources */ = {isa = PBXBuildFile; fileRef = F39D9C221DDD548400B2100A /* Assets.xcassets */; };
		F39D9C261DDD548400B2100A /* LaunchScreen.storyboard in Resources */ = {isa = PBXBuildFile; fileRef = F39D9C241DDD548400B2100A /* LaunchScreen.storyboard */; };
		F39D9C311DDD550300B2100A /* TouchIdController.m in Sources */ = {isa = PBXBuildFile; fileRef = F39D9C2F1DDD550300B2100A /* TouchIdController.m */; };
		F39D9C321DDD550300B2100A /* TouchIdController.xib in Resources */ = {isa = PBXBuildFile; fileRef = F39D9C301DDD550300B2100A /* TouchIdController.xib */; };
		F39D9C341DDD557300B2100A /* ViewController.xib in Resources */ = {isa = PBXBuildFile; fileRef = F39D9C331DDD557300B2100A /* ViewController.xib */; };
		F3A0B5B21EFD33F30056D54B /* LeftDeleteController.m in Sources */ = {isa = PBXBuildFile; fileRef = F3A0B5B11EFD33F30056D54B /* LeftDeleteController.m */; };
		F3A0B5B51F00AD9D0056D54B /* LeftDeleteCell.m in Sources */ = {isa = PBXBuildFile; fileRef = F3A0B5B41F00AD9D0056D54B /* LeftDeleteCell.m */; };
		F3CBD67D1DEED20200B1ECAA /* AssetsLibrary.framework in Frameworks */ = {isa = PBXBuildFile; fileRef = F3CBD67C1DEED20200B1ECAA /* AssetsLibrary.framework */; };
		F3CBD67F1DEED20B00B1ECAA /* AudioToolbox.framework in Frameworks */ = {isa = PBXBuildFile; fileRef = F3CBD67E1DEED20B00B1ECAA /* AudioToolbox.framework */; };
		F3CBD6811DEED21200B1ECAA /* AVFoundation.framework in Frameworks */ = {isa = PBXBuildFile; fileRef = F3CBD6801DEED21200B1ECAA /* AVFoundation.framework */; };
		F3CBD6831DEED21900B1ECAA /* CFNetwork.framework in Frameworks */ = {isa = PBXBuildFile; fileRef = F3CBD6821DEED21900B1ECAA /* CFNetwork.framework */; };
		F3CBD6851DEED22500B1ECAA /* CoreAudio.framework in Frameworks */ = {isa = PBXBuildFile; fileRef = F3CBD6841DEED22500B1ECAA /* CoreAudio.framework */; };
		F3CBD6871DEED22C00B1ECAA /* CoreGraphics.framework in Frameworks */ = {isa = PBXBuildFile; fileRef = F3CBD6861DEED22B00B1ECAA /* CoreGraphics.framework */; };
		F3CBD6891DEED23300B1ECAA /* CoreLocation.framework in Frameworks */ = {isa = PBXBuildFile; fileRef = F3CBD6881DEED23300B1ECAA /* CoreLocation.framework */; };
		F3CBD68B1DEED23C00B1ECAA /* CoreMedia.framework in Frameworks */ = {isa = PBXBuildFile; fileRef = F3CBD68A1DEED23C00B1ECAA /* CoreMedia.framework */; };
		F3CBD68D1DEED24800B1ECAA /* CoreTelephony.framework in Frameworks */ = {isa = PBXBuildFile; fileRef = F3CBD68C1DEED24800B1ECAA /* CoreTelephony.framework */; };
		F3CBD68F1DEED24F00B1ECAA /* CoreVideo.framework in Frameworks */ = {isa = PBXBuildFile; fileRef = F3CBD68E1DEED24F00B1ECAA /* CoreVideo.framework */; };
		F3CBD6911DEED25700B1ECAA /* ImageIO.framework in Frameworks */ = {isa = PBXBuildFile; fileRef = F3CBD6901DEED25700B1ECAA /* ImageIO.framework */; };
		F3CBD6931DEED26700B1ECAA /* libc++.tbd in Frameworks */ = {isa = PBXBuildFile; fileRef = F3CBD6921DEED26700B1ECAA /* libc++.tbd */; };
		F3CBD6951DEED27000B1ECAA /* libc++abi.tbd in Frameworks */ = {isa = PBXBuildFile; fileRef = F3CBD6941DEED27000B1ECAA /* libc++abi.tbd */; };
		F3CBD6971DEED27D00B1ECAA /* libsqlite3.tbd in Frameworks */ = {isa = PBXBuildFile; fileRef = F3CBD6961DEED27D00B1ECAA /* libsqlite3.tbd */; };
		F3CBD6991DEED28900B1ECAA /* libstdc++.tbd in Frameworks */ = {isa = PBXBuildFile; fileRef = F3CBD6981DEED28900B1ECAA /* libstdc++.tbd */; };
		F3CBD69B1DEED29300B1ECAA /* libxml2.tbd in Frameworks */ = {isa = PBXBuildFile; fileRef = F3CBD69A1DEED29300B1ECAA /* libxml2.tbd */; };
		F3CBD69D1DEED29D00B1ECAA /* libz.tbd in Frameworks */ = {isa = PBXBuildFile; fileRef = F3CBD69C1DEED29D00B1ECAA /* libz.tbd */; };
		F3CBD69F1DEED2A400B1ECAA /* MapKit.framework in Frameworks */ = {isa = PBXBuildFile; fileRef = F3CBD69E1DEED2A400B1ECAA /* MapKit.framework */; };
		F3CBD6A11DEED2AC00B1ECAA /* OpenGLES.framework in Frameworks */ = {isa = PBXBuildFile; fileRef = F3CBD6A01DEED2AC00B1ECAA /* OpenGLES.framework */; };
		F3CBD6A31DEED2B800B1ECAA /* QuartzCore.framework in Frameworks */ = {isa = PBXBuildFile; fileRef = F3CBD6A21DEED2B800B1ECAA /* QuartzCore.framework */; };
		F3CBD6A51DEED2C200B1ECAA /* SystemConfiguration.framework in Frameworks */ = {isa = PBXBuildFile; fileRef = F3CBD6A41DEED2C100B1ECAA /* SystemConfiguration.framework */; };
		F3CBD6A71DEED2C900B1ECAA /* UIKit.framework in Frameworks */ = {isa = PBXBuildFile; fileRef = F3CBD6A61DEED2C900B1ECAA /* UIKit.framework */; };
		F3CBD6A91DEED2D200B1ECAA /* Photos.framework in Frameworks */ = {isa = PBXBuildFile; fileRef = F3CBD6A81DEED2D200B1ECAA /* Photos.framework */; };
		F3CBD6AB1DEED2D900B1ECAA /* SafariServices.framework in Frameworks */ = {isa = PBXBuildFile; fileRef = F3CBD6AA1DEED2D900B1ECAA /* SafariServices.framework */; };
		F3CBD6AF1DEED3C500B1ECAA /* GQChatListController.m in Sources */ = {isa = PBXBuildFile; fileRef = F3CBD6AE1DEED3C500B1ECAA /* GQChatListController.m */; };
		F3CBD6B71DEED85F00B1ECAA /* Emoji.plist in Resources */ = {isa = PBXBuildFile; fileRef = F3CBD6B11DEED85F00B1ECAA /* Emoji.plist */; };
		F3CBD6B81DEED85F00B1ECAA /* RongCloudKit.strings in Resources */ = {isa = PBXBuildFile; fileRef = F3CBD6B21DEED85F00B1ECAA /* RongCloudKit.strings */; };
		F3CBD6B91DEED85F00B1ECAA /* RongCloud.bundle in Resources */ = {isa = PBXBuildFile; fileRef = F3CBD6B41DEED85F00B1ECAA /* RongCloud.bundle */; };
		F3CBD6BA1DEED85F00B1ECAA /* RongIMKit.framework in Frameworks */ = {isa = PBXBuildFile; fileRef = F3CBD6B51DEED85F00B1ECAA /* RongIMKit.framework */; };
		F3CBD6BF1DEED8B400B1ECAA /* libopencore-amrnb.a in Frameworks */ = {isa = PBXBuildFile; fileRef = F3CBD6BC1DEED8B400B1ECAA /* libopencore-amrnb.a */; };
		F3CBD6C01DEED8B400B1ECAA /* RCConfig.plist in Resources */ = {isa = PBXBuildFile; fileRef = F3CBD6BD1DEED8B400B1ECAA /* RCConfig.plist */; };
		F3CBD6C11DEED8B400B1ECAA /* RongIMLib.framework in Frameworks */ = {isa = PBXBuildFile; fileRef = F3CBD6BE1DEED8B400B1ECAA /* RongIMLib.framework */; };
		F3CBD6C51DEED94D00B1ECAA /* GQChatController.m in Sources */ = {isa = PBXBuildFile; fileRef = F3CBD6C41DEED94D00B1ECAA /* GQChatController.m */; };
		F3CBD6C81DEEF46E00B1ECAA /* GQUserInfoDataSource.m in Sources */ = {isa = PBXBuildFile; fileRef = F3CBD6C71DEEF46E00B1ECAA /* GQUserInfoDataSource.m */; };
		F3CBD70C1DF00EF200B1ECAA /* AlipaySDK.bundle in Resources */ = {isa = PBXBuildFile; fileRef = F3CBD7031DF00EF200B1ECAA /* AlipaySDK.bundle */; };
		F3CBD70D1DF00EF200B1ECAA /* AlipaySDK.framework in Frameworks */ = {isa = PBXBuildFile; fileRef = F3CBD7041DF00EF200B1ECAA /* AlipaySDK.framework */; };
		F3CBD70E1DF00EF200B1ECAA /* JrmfInfo.strings in Resources */ = {isa = PBXBuildFile; fileRef = F3CBD7061DF00EF200B1ECAA /* JrmfInfo.strings */; };
		F3CBD70F1DF00EF200B1ECAA /* JResource.bundle in Resources */ = {isa = PBXBuildFile; fileRef = F3CBD7081DF00EF200B1ECAA /* JResource.bundle */; };
		F3CBD7101DF00EF200B1ECAA /* JrmfPacketKit.framework in Frameworks */ = {isa = PBXBuildFile; fileRef = F3CBD7091DF00EF200B1ECAA /* JrmfPacketKit.framework */; };
		F3CBD7111DF00EF200B1ECAA /* JYangToolKit.framework in Frameworks */ = {isa = PBXBuildFile; fileRef = F3CBD70A1DF00EF200B1ECAA /* JYangToolKit.framework */; };
		F3CBD7131DF010D200B1ECAA /* CoreText.framework in Frameworks */ = {isa = PBXBuildFile; fileRef = F3CBD7121DF010D200B1ECAA /* CoreText.framework */; };
		F3CBD7151DF010E700B1ECAA /* Foundation.framework in Frameworks */ = {isa = PBXBuildFile; fileRef = F3CBD7141DF010E700B1ECAA /* Foundation.framework */; };
		F3CBD7171DF010F200B1ECAA /* CoreMotion.framework in Frameworks */ = {isa = PBXBuildFile; fileRef = F3CBD7161DF010F200B1ECAA /* CoreMotion.framework */; };
		F3CBD7801DF1746A00B1ECAA /* QRCodeController.m in Sources */ = {isa = PBXBuildFile; fileRef = F3CBD77F1DF1746A00B1ECAA /* QRCodeController.m */; };
		F3E56BF11DF51A3F008AE132 /* FaceController.m in Sources */ = {isa = PBXBuildFile; fileRef = F3E56BF01DF51A3F008AE132 /* FaceController.m */; };
		F3E56BFA1DF52287008AE132 /* faces1.png in Resources */ = {isa = PBXBuildFile; fileRef = F3E56BF41DF52287008AE132 /* faces1.png */; };
		F3E56BFB1DF52287008AE132 /* faces2.jpg in Resources */ = {isa = PBXBuildFile; fileRef = F3E56BF51DF52287008AE132 /* faces2.jpg */; };
		F3E56BFC1DF52287008AE132 /* faces3.jpg in Resources */ = {isa = PBXBuildFile; fileRef = F3E56BF61DF52287008AE132 /* faces3.jpg */; };
		F3E56BFD1DF52287008AE132 /* faces4.jpg in Resources */ = {isa = PBXBuildFile; fileRef = F3E56BF71DF52287008AE132 /* faces4.jpg */; };
		F3E56BFE1DF52287008AE132 /* faces5.jpg in Resources */ = {isa = PBXBuildFile; fileRef = F3E56BF81DF52287008AE132 /* faces5.jpg */; };
		F3E56BFF1DF52287008AE132 /* faces6.jpg in Resources */ = {isa = PBXBuildFile; fileRef = F3E56BF91DF52287008AE132 /* faces6.jpg */; };
/* End PBXBuildFile section */

/* Begin PBXContainerItemProxy section */
		F30449941E236F7900309E81 /* PBXContainerItemProxy */ = {
			isa = PBXContainerItemProxy;
			containerPortal = F39D9C0B1DDD548300B2100A /* Project object */;
			proxyType = 1;
			remoteGlobalIDString = F30449881E236F7900309E81;
			remoteInfo = TodayExtension;
		};
/* End PBXContainerItemProxy section */

/* Begin PBXCopyFilesBuildPhase section */
		F304499A1E236F7900309E81 /* Embed App Extensions */ = {
			isa = PBXCopyFilesBuildPhase;
			buildActionMask = 2147483647;
			dstPath = "";
			dstSubfolderSpec = 13;
			files = (
				F30449961E236F7900309E81 /* TodayExtension.appex in Embed App Extensions */,
			);
			name = "Embed App Extensions";
			runOnlyForDeploymentPostprocessing = 0;
		};
/* End PBXCopyFilesBuildPhase section */

/* Begin PBXFileReference section */
		F30449891E236F7900309E81 /* TodayExtension.appex */ = {isa = PBXFileReference; explicitFileType = "wrapper.app-extension"; includeInIndex = 0; path = TodayExtension.appex; sourceTree = BUILT_PRODUCTS_DIR; };
		F304498A1E236F7900309E81 /* NotificationCenter.framework */ = {isa = PBXFileReference; lastKnownFileType = wrapper.framework; name = NotificationCenter.framework; path = System/Library/Frameworks/NotificationCenter.framework; sourceTree = SDKROOT; };
		F304498D1E236F7900309E81 /* TodayViewController.h */ = {isa = PBXFileReference; lastKnownFileType = sourcecode.c.h; path = TodayViewController.h; sourceTree = "<group>"; };
		F304498E1E236F7900309E81 /* TodayViewController.m */ = {isa = PBXFileReference; lastKnownFileType = sourcecode.c.objc; path = TodayViewController.m; sourceTree = "<group>"; };
		F30449911E236F7900309E81 /* Base */ = {isa = PBXFileReference; lastKnownFileType = file.storyboard; name = Base; path = Base.lproj/MainInterface.storyboard; sourceTree = "<group>"; };
		F30449931E236F7900309E81 /* Info.plist */ = {isa = PBXFileReference; lastKnownFileType = text.plist.xml; path = Info.plist; sourceTree = "<group>"; };
		F304499C1E23727F00309E81 /* 1.PNG */ = {isa = PBXFileReference; lastKnownFileType = image.png; path = 1.PNG; sourceTree = "<group>"; };
		F304499D1E23727F00309E81 /* 2.PNG */ = {isa = PBXFileReference; lastKnownFileType = image.png; path = 2.PNG; sourceTree = "<group>"; };
		F304499E1E23727F00309E81 /* LCnterViewController.h */ = {isa = PBXFileReference; fileEncoding = 4; lastKnownFileType = sourcecode.c.h; path = LCnterViewController.h; sourceTree = "<group>"; };
		F304499F1E23727F00309E81 /* LCnterViewController.m */ = {isa = PBXFileReference; fileEncoding = 4; lastKnownFileType = sourcecode.c.objc; path = LCnterViewController.m; sourceTree = "<group>"; };
		F30449A11E23727F00309E81 /* LCnterView.h */ = {isa = PBXFileReference; fileEncoding = 4; lastKnownFileType = sourcecode.c.h; path = LCnterView.h; sourceTree = "<group>"; };
		F30449A21E23727F00309E81 /* LCnterView.m */ = {isa = PBXFileReference; fileEncoding = 4; lastKnownFileType = sourcecode.c.objc; path = LCnterView.m; sourceTree = "<group>"; };
		F30449A31E23727F00309E81 /* LDrawerViewController.h */ = {isa = PBXFileReference; fileEncoding = 4; lastKnownFileType = sourcecode.c.h; path = LDrawerViewController.h; sourceTree = "<group>"; };
		F30449A41E23727F00309E81 /* LDrawerViewController.m */ = {isa = PBXFileReference; fileEncoding = 4; lastKnownFileType = sourcecode.c.objc; path = LDrawerViewController.m; sourceTree = "<group>"; };
		F30449A51E23727F00309E81 /* LViewController.h */ = {isa = PBXFileReference; fileEncoding = 4; lastKnownFileType = sourcecode.c.h; path = LViewController.h; sourceTree = "<group>"; };
		F30449A61E23727F00309E81 /* LViewController.m */ = {isa = PBXFileReference; fileEncoding = 4; lastKnownFileType = sourcecode.c.objc; path = LViewController.m; sourceTree = "<group>"; };
		F30449A71E23727F00309E81 /* LLeftViewController.h */ = {isa = PBXFileReference; fileEncoding = 4; lastKnownFileType = sourcecode.c.h; path = LLeftViewController.h; sourceTree = "<group>"; };
		F30449A81E23727F00309E81 /* LLeftViewController.m */ = {isa = PBXFileReference; fileEncoding = 4; lastKnownFileType = sourcecode.c.objc; path = LLeftViewController.m; sourceTree = "<group>"; };
		F35138C51DF5693D009F8A1C /* libSocialQQ.a */ = {isa = PBXFileReference; lastKnownFileType = archive.ar; path = libSocialQQ.a; sourceTree = "<group>"; };
		F35138C61DF5693D009F8A1C /* TencentOpenAPI.framework */ = {isa = PBXFileReference; lastKnownFileType = wrapper.framework; path = TencentOpenAPI.framework; sourceTree = "<group>"; };
		F35138C71DF5693D009F8A1C /* TencentOpenApi_IOS_Bundle.bundle */ = {isa = PBXFileReference; lastKnownFileType = "wrapper.plug-in"; path = TencentOpenApi_IOS_Bundle.bundle; sourceTree = "<group>"; };
		F35138C81DF5693D009F8A1C /* UMSocialQQHandler.h */ = {isa = PBXFileReference; fileEncoding = 4; lastKnownFileType = sourcecode.c.h; path = UMSocialQQHandler.h; sourceTree = "<group>"; };
		F35138CA1DF5693D009F8A1C /* libSocialSina.a */ = {isa = PBXFileReference; lastKnownFileType = archive.ar; path = libSocialSina.a; sourceTree = "<group>"; };
		F35138CB1DF5693D009F8A1C /* libWeiboSDK.a */ = {isa = PBXFileReference; lastKnownFileType = archive.ar; path = libWeiboSDK.a; sourceTree = "<group>"; };
		F35138CC1DF5693D009F8A1C /* UMSocialSinaHandler.h */ = {isa = PBXFileReference; fileEncoding = 4; lastKnownFileType = sourcecode.c.h; path = UMSocialSinaHandler.h; sourceTree = "<group>"; };
		F35138CD1DF5693D009F8A1C /* WBHttpRequest+WeiboGame.h */ = {isa = PBXFileReference; fileEncoding = 4; lastKnownFileType = sourcecode.c.h; path = "WBHttpRequest+WeiboGame.h"; sourceTree = "<group>"; };
		F35138CE1DF5693D009F8A1C /* WBHttpRequest+WeiboShare.h */ = {isa = PBXFileReference; fileEncoding = 4; lastKnownFileType = sourcecode.c.h; path = "WBHttpRequest+WeiboShare.h"; sourceTree = "<group>"; };
		F35138CF1DF5693D009F8A1C /* WBHttpRequest+WeiboToken.h */ = {isa = PBXFileReference; fileEncoding = 4; lastKnownFileType = sourcecode.c.h; path = "WBHttpRequest+WeiboToken.h"; sourceTree = "<group>"; };
		F35138D01DF5693D009F8A1C /* WBHttpRequest+WeiboUser.h */ = {isa = PBXFileReference; fileEncoding = 4; lastKnownFileType = sourcecode.c.h; path = "WBHttpRequest+WeiboUser.h"; sourceTree = "<group>"; };
		F35138D11DF5693D009F8A1C /* WBHttpRequest.h */ = {isa = PBXFileReference; fileEncoding = 4; lastKnownFileType = sourcecode.c.h; path = WBHttpRequest.h; sourceTree = "<group>"; };
		F35138D21DF5693D009F8A1C /* WBSDKBasicButton.h */ = {isa = PBXFileReference; fileEncoding = 4; lastKnownFileType = sourcecode.c.h; path = WBSDKBasicButton.h; sourceTree = "<group>"; };
		F35138D31DF5693D009F8A1C /* WBSDKCommentButton.h */ = {isa = PBXFileReference; fileEncoding = 4; lastKnownFileType = sourcecode.c.h; path = WBSDKCommentButton.h; sourceTree = "<group>"; };
		F35138D41DF5693D009F8A1C /* WBSDKRelationshipButton.h */ = {isa = PBXFileReference; fileEncoding = 4; lastKnownFileType = sourcecode.c.h; path = WBSDKRelationshipButton.h; sourceTree = "<group>"; };
		F35138D51DF5693D009F8A1C /* WeiboSDK+Statistics.h */ = {isa = PBXFileReference; fileEncoding = 4; lastKnownFileType = sourcecode.c.h; path = "WeiboSDK+Statistics.h"; sourceTree = "<group>"; };
		F35138D61DF5693D009F8A1C /* WeiboSDK.bundle */ = {isa = PBXFileReference; lastKnownFileType = "wrapper.plug-in"; path = WeiboSDK.bundle; sourceTree = "<group>"; };
		F35138D71DF5693D009F8A1C /* WeiboSDK.h */ = {isa = PBXFileReference; fileEncoding = 4; lastKnownFileType = sourcecode.c.h; path = WeiboSDK.h; sourceTree = "<group>"; };
		F35138D81DF5693D009F8A1C /* WeiboUser.h */ = {isa = PBXFileReference; fileEncoding = 4; lastKnownFileType = sourcecode.c.h; path = WeiboUser.h; sourceTree = "<group>"; };
		F35138DA1DF5693D009F8A1C /* libSocialWeChat.a */ = {isa = PBXFileReference; lastKnownFileType = archive.ar; path = libSocialWeChat.a; sourceTree = "<group>"; };
		F35138DB1DF5693D009F8A1C /* libWeChatSDK.a */ = {isa = PBXFileReference; lastKnownFileType = archive.ar; path = libWeChatSDK.a; sourceTree = "<group>"; };
		F35138DC1DF5693D009F8A1C /* read_me.txt */ = {isa = PBXFileReference; fileEncoding = 4; lastKnownFileType = text; path = read_me.txt; sourceTree = "<group>"; };
		F35138DD1DF5693D009F8A1C /* README.txt */ = {isa = PBXFileReference; fileEncoding = 4; lastKnownFileType = text; path = README.txt; sourceTree = "<group>"; };
		F35138DE1DF5693D009F8A1C /* UMSocialWechatHandler.h */ = {isa = PBXFileReference; fileEncoding = 4; lastKnownFileType = sourcecode.c.h; path = UMSocialWechatHandler.h; sourceTree = "<group>"; };
		F35138DF1DF5693D009F8A1C /* WechatAuthSDK.h */ = {isa = PBXFileReference; fileEncoding = 4; lastKnownFileType = sourcecode.c.h; path = WechatAuthSDK.h; sourceTree = "<group>"; };
		F35138E01DF5693D009F8A1C /* WXApi.h */ = {isa = PBXFileReference; fileEncoding = 4; lastKnownFileType = sourcecode.c.h; path = WXApi.h; sourceTree = "<group>"; };
		F35138E11DF5693D009F8A1C /* WXApiObject.h */ = {isa = PBXFileReference; fileEncoding = 4; lastKnownFileType = sourcecode.c.h; path = WXApiObject.h; sourceTree = "<group>"; };
		F35138E31DF5693D009F8A1C /* UMSocialCore.framework */ = {isa = PBXFileReference; lastKnownFileType = wrapper.framework; path = UMSocialCore.framework; sourceTree = "<group>"; };
		F35138E41DF5693D009F8A1C /* UMSocialNetwork.framework */ = {isa = PBXFileReference; lastKnownFileType = wrapper.framework; path = UMSocialNetwork.framework; sourceTree = "<group>"; };
		F35138E61DF5693D009F8A1C /* UMSocialSDKResources.bundle */ = {isa = PBXFileReference; lastKnownFileType = "wrapper.plug-in"; path = UMSocialSDKResources.bundle; sourceTree = "<group>"; };
		F35138E71DF5693D009F8A1C /* UShareUI.framework */ = {isa = PBXFileReference; lastKnownFileType = wrapper.framework; path = UShareUI.framework; sourceTree = "<group>"; };
		F35138F61DF581B0009F8A1C /* UMengController.h */ = {isa = PBXFileReference; fileEncoding = 4; lastKnownFileType = sourcecode.c.h; path = UMengController.h; sourceTree = "<group>"; };
		F35138F71DF581B0009F8A1C /* UMengController.m */ = {isa = PBXFileReference; fileEncoding = 4; lastKnownFileType = sourcecode.c.objc; path = UMengController.m; sourceTree = "<group>"; };
		F35139321DF6EB2E009F8A1C /* UMMobClick.framework */ = {isa = PBXFileReference; lastKnownFileType = wrapper.framework; name = UMMobClick.framework; path = ../../../../Downloads/umsdk_IOS_analyics_idfa_v4.1.4/UMMobClick.framework; sourceTree = "<group>"; };
		F35139351DF6EBC3009F8A1C /* UMMobClick.framework */ = {isa = PBXFileReference; lastKnownFileType = wrapper.framework; path = UMMobClick.framework; sourceTree = "<group>"; };
		F356D55A1E5BE95D00F298E9 /* ImageTextViewController.h */ = {isa = PBXFileReference; fileEncoding = 4; lastKnownFileType = sourcecode.c.h; path = ImageTextViewController.h; sourceTree = "<group>"; };
		F356D55B1E5BE95D00F298E9 /* ImageTextViewController.m */ = {isa = PBXFileReference; fileEncoding = 4; lastKnownFileType = sourcecode.c.objc; path = ImageTextViewController.m; sourceTree = "<group>"; };
		F356D55D1E5BEA9A00F298E9 /* bg_airticket_carrier@2x.png */ = {isa = PBXFileReference; lastKnownFileType = image.png; path = "bg_airticket_carrier@2x.png"; sourceTree = "<group>"; };
		F38A28A31E0BCD2C00F1BD16 /* NSObject+YYModel.h */ = {isa = PBXFileReference; fileEncoding = 4; lastKnownFileType = sourcecode.c.h; path = "NSObject+YYModel.h"; sourceTree = "<group>"; };
		F38A28A41E0BCD2C00F1BD16 /* NSObject+YYModel.m */ = {isa = PBXFileReference; fileEncoding = 4; lastKnownFileType = sourcecode.c.objc; path = "NSObject+YYModel.m"; sourceTree = "<group>"; };
		F38A28A51E0BCD2C00F1BD16 /* YYClassInfo.h */ = {isa = PBXFileReference; fileEncoding = 4; lastKnownFileType = sourcecode.c.h; path = YYClassInfo.h; sourceTree = "<group>"; };
		F38A28A61E0BCD2C00F1BD16 /* YYClassInfo.m */ = {isa = PBXFileReference; fileEncoding = 4; lastKnownFileType = sourcecode.c.objc; path = YYClassInfo.m; sourceTree = "<group>"; };
		F38A28A71E0BCD2C00F1BD16 /* YYModel.h */ = {isa = PBXFileReference; fileEncoding = 4; lastKnownFileType = sourcecode.c.h; path = YYModel.h; sourceTree = "<group>"; };
		F38A28AA1E0BCDAB00F1BD16 /* YYModelController.h */ = {isa = PBXFileReference; fileEncoding = 4; lastKnownFileType = sourcecode.c.h; path = YYModelController.h; sourceTree = "<group>"; };
		F38A28AB1E0BCDAB00F1BD16 /* YYModelController.m */ = {isa = PBXFileReference; fileEncoding = 4; lastKnownFileType = sourcecode.c.objc; path = YYModelController.m; sourceTree = "<group>"; };
		F38A28AD1E0BCE6F00F1BD16 /* YYUser.h */ = {isa = PBXFileReference; fileEncoding = 4; lastKnownFileType = sourcecode.c.h; path = YYUser.h; sourceTree = "<group>"; };
		F38A28AE1E0BCE6F00F1BD16 /* YYUser.m */ = {isa = PBXFileReference; fileEncoding = 4; lastKnownFileType = sourcecode.c.objc; path = YYUser.m; sourceTree = "<group>"; };
		F38A28B01E0BD05000F1BD16 /* YYBook.h */ = {isa = PBXFileReference; fileEncoding = 4; lastKnownFileType = sourcecode.c.h; path = YYBook.h; sourceTree = "<group>"; };
		F38A28B11E0BD05000F1BD16 /* YYBook.m */ = {isa = PBXFileReference; fileEncoding = 4; lastKnownFileType = sourcecode.c.objc; path = YYBook.m; sourceTree = "<group>"; };
		F38A28B31E0BD31800F1BD16 /* YYAuthor.h */ = {isa = PBXFileReference; fileEncoding = 4; lastKnownFileType = sourcecode.c.h; path = YYAuthor.h; sourceTree = "<group>"; };
		F38A28B41E0BD31800F1BD16 /* YYAuthor.m */ = {isa = PBXFileReference; fileEncoding = 4; lastKnownFileType = sourcecode.c.objc; path = YYAuthor.m; sourceTree = "<group>"; };
		F38A28B61E0BD33D00F1BD16 /* YYBook2.h */ = {isa = PBXFileReference; fileEncoding = 4; lastKnownFileType = sourcecode.c.h; path = YYBook2.h; sourceTree = "<group>"; };
		F38A28B71E0BD33D00F1BD16 /* YYBook2.m */ = {isa = PBXFileReference; fileEncoding = 4; lastKnownFileType = sourcecode.c.objc; path = YYBook2.m; sourceTree = "<group>"; };
		F38A28B91E0BD8D200F1BD16 /* YYAttributes.h */ = {isa = PBXFileReference; fileEncoding = 4; lastKnownFileType = sourcecode.c.h; path = YYAttributes.h; sourceTree = "<group>"; };
		F38A28BA1E0BD8D200F1BD16 /* YYAttributes.m */ = {isa = PBXFileReference; fileEncoding = 4; lastKnownFileType = sourcecode.c.objc; path = YYAttributes.m; sourceTree = "<group>"; };
		F38A28BC1E0BEB6700F1BD16 /* YYShadow.h */ = {isa = PBXFileReference; fileEncoding = 4; lastKnownFileType = sourcecode.c.h; path = YYShadow.h; sourceTree = "<group>"; };
		F38A28BD1E0BEB6700F1BD16 /* YYShadow.m */ = {isa = PBXFileReference; fileEncoding = 4; lastKnownFileType = sourcecode.c.objc; path = YYShadow.m; sourceTree = "<group>"; };
		F38A28BF1E0BEB7700F1BD16 /* YYBorder.h */ = {isa = PBXFileReference; fileEncoding = 4; lastKnownFileType = sourcecode.c.h; path = YYBorder.h; sourceTree = "<group>"; };
		F38A28C01E0BEB7700F1BD16 /* YYBorder.m */ = {isa = PBXFileReference; fileEncoding = 4; lastKnownFileType = sourcecode.c.objc; path = YYBorder.m; sourceTree = "<group>"; };
		F38A28C21E0BEB8F00F1BD16 /* YYAttachment.h */ = {isa = PBXFileReference; fileEncoding = 4; lastKnownFileType = sourcecode.c.h; path = YYAttachment.h; sourceTree = "<group>"; };
		F38A28C31E0BEB8F00F1BD16 /* YYAttachment.m */ = {isa = PBXFileReference; fileEncoding = 4; lastKnownFileType = sourcecode.c.objc; path = YYAttachment.m; sourceTree = "<group>"; };
		F38A28C71E0FE32400F1BD16 /* WBPopMenuModel.h */ = {isa = PBXFileReference; fileEncoding = 4; lastKnownFileType = sourcecode.c.h; path = WBPopMenuModel.h; sourceTree = "<group>"; };
		F38A28C81E0FE32400F1BD16 /* WBPopMenuModel.m */ = {isa = PBXFileReference; fileEncoding = 4; lastKnownFileType = sourcecode.c.objc; path = WBPopMenuModel.m; sourceTree = "<group>"; };
		F38A28C91E0FE32400F1BD16 /* WBPopMenuSingleton.h */ = {isa = PBXFileReference; fileEncoding = 4; lastKnownFileType = sourcecode.c.h; path = WBPopMenuSingleton.h; sourceTree = "<group>"; };
		F38A28CA1E0FE32400F1BD16 /* WBPopMenuSingleton.m */ = {isa = PBXFileReference; fileEncoding = 4; lastKnownFileType = sourcecode.c.objc; path = WBPopMenuSingleton.m; sourceTree = "<group>"; };
		F38A28CB1E0FE32400F1BD16 /* WBPopMenuView.h */ = {isa = PBXFileReference; fileEncoding = 4; lastKnownFileType = sourcecode.c.h; path = WBPopMenuView.h; sourceTree = "<group>"; };
		F38A28CC1E0FE32400F1BD16 /* WBPopMenuView.m */ = {isa = PBXFileReference; fileEncoding = 4; lastKnownFileType = sourcecode.c.objc; path = WBPopMenuView.m; sourceTree = "<group>"; };
		F38A28CD1E0FE32400F1BD16 /* WBTableViewCell.h */ = {isa = PBXFileReference; fileEncoding = 4; lastKnownFileType = sourcecode.c.h; path = WBTableViewCell.h; sourceTree = "<group>"; };
		F38A28CE1E0FE32400F1BD16 /* WBTableViewCell.m */ = {isa = PBXFileReference; fileEncoding = 4; lastKnownFileType = sourcecode.c.objc; path = WBTableViewCell.m; sourceTree = "<group>"; };
		F38A28CF1E0FE32400F1BD16 /* WBTableViewDataSource.h */ = {isa = PBXFileReference; fileEncoding = 4; lastKnownFileType = sourcecode.c.h; path = WBTableViewDataSource.h; sourceTree = "<group>"; };
		F38A28D01E0FE32400F1BD16 /* WBTableViewDataSource.m */ = {isa = PBXFileReference; fileEncoding = 4; lastKnownFileType = sourcecode.c.objc; path = WBTableViewDataSource.m; sourceTree = "<group>"; };
		F38A28D11E0FE32400F1BD16 /* WBTableViewDelegate.h */ = {isa = PBXFileReference; fileEncoding = 4; lastKnownFileType = sourcecode.c.h; path = WBTableViewDelegate.h; sourceTree = "<group>"; };
		F38A28D21E0FE32400F1BD16 /* WBTableViewDelegate.m */ = {isa = PBXFileReference; fileEncoding = 4; lastKnownFileType = sourcecode.c.objc; path = WBTableViewDelegate.m; sourceTree = "<group>"; };
		F38A28D41E0FE32400F1BD16 /* right_menu_addFri@3x.png */ = {isa = PBXFileReference; lastKnownFileType = image.png; path = "right_menu_addFri@3x.png"; sourceTree = "<group>"; };
		F38A28D51E0FE32400F1BD16 /* right_menu_facetoface@3x.png */ = {isa = PBXFileReference; lastKnownFileType = image.png; path = "right_menu_facetoface@3x.png"; sourceTree = "<group>"; };
		F38A28D61E0FE32400F1BD16 /* right_menu_multichat@3x.png */ = {isa = PBXFileReference; lastKnownFileType = image.png; path = "right_menu_multichat@3x.png"; sourceTree = "<group>"; };
		F38A28D71E0FE32400F1BD16 /* right_menu_payMoney@3x.png */ = {isa = PBXFileReference; lastKnownFileType = image.png; path = "right_menu_payMoney@3x.png"; sourceTree = "<group>"; };
		F38A28D81E0FE32400F1BD16 /* right_menu_QR@3x.png */ = {isa = PBXFileReference; lastKnownFileType = image.png; path = "right_menu_QR@3x.png"; sourceTree = "<group>"; };
		F38A28D91E0FE32400F1BD16 /* right_menu_sendFile@3x.png */ = {isa = PBXFileReference; lastKnownFileType = image.png; path = "right_menu_sendFile@3x.png"; sourceTree = "<group>"; };
		F38A28DA1E0FE32400F1BD16 /* QQPopViewController.h */ = {isa = PBXFileReference; fileEncoding = 4; lastKnownFileType = sourcecode.c.h; path = QQPopViewController.h; sourceTree = "<group>"; };
		F38A28DB1E0FE32400F1BD16 /* QQPopViewController.m */ = {isa = PBXFileReference; fileEncoding = 4; lastKnownFileType = sourcecode.c.objc; path = QQPopViewController.m; sourceTree = "<group>"; };
		F39D9C131DDD548300B2100A /* ios_learning.app */ = {isa = PBXFileReference; explicitFileType = wrapper.application; includeInIndex = 0; path = ios_learning.app; sourceTree = BUILT_PRODUCTS_DIR; };
		F39D9C171DDD548300B2100A /* main.m */ = {isa = PBXFileReference; lastKnownFileType = sourcecode.c.objc; path = main.m; sourceTree = "<group>"; };
		F39D9C191DDD548300B2100A /* AppDelegate.h */ = {isa = PBXFileReference; lastKnownFileType = sourcecode.c.h; path = AppDelegate.h; sourceTree = "<group>"; };
		F39D9C1A1DDD548300B2100A /* AppDelegate.m */ = {isa = PBXFileReference; lastKnownFileType = sourcecode.c.objc; path = AppDelegate.m; sourceTree = "<group>"; };
		F39D9C1C1DDD548300B2100A /* ViewController.h */ = {isa = PBXFileReference; lastKnownFileType = sourcecode.c.h; path = ViewController.h; sourceTree = "<group>"; };
		F39D9C1D1DDD548300B2100A /* ViewController.m */ = {isa = PBXFileReference; lastKnownFileType = sourcecode.c.objc; path = ViewController.m; sourceTree = "<group>"; };
		F39D9C221DDD548400B2100A /* Assets.xcassets */ = {isa = PBXFileReference; lastKnownFileType = folder.assetcatalog; path = Assets.xcassets; sourceTree = "<group>"; };
		F39D9C251DDD548400B2100A /* Base */ = {isa = PBXFileReference; lastKnownFileType = file.storyboard; name = Base; path = Base.lproj/LaunchScreen.storyboard; sourceTree = "<group>"; };
		F39D9C271DDD548400B2100A /* Info.plist */ = {isa = PBXFileReference; lastKnownFileType = text.plist.xml; path = Info.plist; sourceTree = "<group>"; };
		F39D9C2E1DDD550300B2100A /* TouchIdController.h */ = {isa = PBXFileReference; fileEncoding = 4; lastKnownFileType = sourcecode.c.h; path = TouchIdController.h; sourceTree = "<group>"; };
		F39D9C2F1DDD550300B2100A /* TouchIdController.m */ = {isa = PBXFileReference; fileEncoding = 4; lastKnownFileType = sourcecode.c.objc; path = TouchIdController.m; sourceTree = "<group>"; };
		F39D9C301DDD550300B2100A /* TouchIdController.xib */ = {isa = PBXFileReference; fileEncoding = 4; lastKnownFileType = file.xib; path = TouchIdController.xib; sourceTree = "<group>"; };
		F39D9C331DDD557300B2100A /* ViewController.xib */ = {isa = PBXFileReference; fileEncoding = 4; lastKnownFileType = file.xib; path = ViewController.xib; sourceTree = "<group>"; };
		F3A0B5B01EFD33F30056D54B /* LeftDeleteController.h */ = {isa = PBXFileReference; fileEncoding = 4; lastKnownFileType = sourcecode.c.h; path = LeftDeleteController.h; sourceTree = "<group>"; };
		F3A0B5B11EFD33F30056D54B /* LeftDeleteController.m */ = {isa = PBXFileReference; fileEncoding = 4; lastKnownFileType = sourcecode.c.objc; path = LeftDeleteController.m; sourceTree = "<group>"; };
		F3A0B5B31F00AD9D0056D54B /* LeftDeleteCell.h */ = {isa = PBXFileReference; fileEncoding = 4; lastKnownFileType = sourcecode.c.h; path = LeftDeleteCell.h; sourceTree = "<group>"; };
		F3A0B5B41F00AD9D0056D54B /* LeftDeleteCell.m */ = {isa = PBXFileReference; fileEncoding = 4; lastKnownFileType = sourcecode.c.objc; path = LeftDeleteCell.m; sourceTree = "<group>"; };
		F3CBD67C1DEED20200B1ECAA /* AssetsLibrary.framework */ = {isa = PBXFileReference; lastKnownFileType = wrapper.framework; name = AssetsLibrary.framework; path = System/Library/Frameworks/AssetsLibrary.framework; sourceTree = SDKROOT; };
		F3CBD67E1DEED20B00B1ECAA /* AudioToolbox.framework */ = {isa = PBXFileReference; lastKnownFileType = wrapper.framework; name = AudioToolbox.framework; path = System/Library/Frameworks/AudioToolbox.framework; sourceTree = SDKROOT; };
		F3CBD6801DEED21200B1ECAA /* AVFoundation.framework */ = {isa = PBXFileReference; lastKnownFileType = wrapper.framework; name = AVFoundation.framework; path = System/Library/Frameworks/AVFoundation.framework; sourceTree = SDKROOT; };
		F3CBD6821DEED21900B1ECAA /* CFNetwork.framework */ = {isa = PBXFileReference; lastKnownFileType = wrapper.framework; name = CFNetwork.framework; path = System/Library/Frameworks/CFNetwork.framework; sourceTree = SDKROOT; };
		F3CBD6841DEED22500B1ECAA /* CoreAudio.framework */ = {isa = PBXFileReference; lastKnownFileType = wrapper.framework; name = CoreAudio.framework; path = System/Library/Frameworks/CoreAudio.framework; sourceTree = SDKROOT; };
		F3CBD6861DEED22B00B1ECAA /* CoreGraphics.framework */ = {isa = PBXFileReference; lastKnownFileType = wrapper.framework; name = CoreGraphics.framework; path = System/Library/Frameworks/CoreGraphics.framework; sourceTree = SDKROOT; };
		F3CBD6881DEED23300B1ECAA /* CoreLocation.framework */ = {isa = PBXFileReference; lastKnownFileType = wrapper.framework; name = CoreLocation.framework; path = System/Library/Frameworks/CoreLocation.framework; sourceTree = SDKROOT; };
		F3CBD68A1DEED23C00B1ECAA /* CoreMedia.framework */ = {isa = PBXFileReference; lastKnownFileType = wrapper.framework; name = CoreMedia.framework; path = System/Library/Frameworks/CoreMedia.framework; sourceTree = SDKROOT; };
		F3CBD68C1DEED24800B1ECAA /* CoreTelephony.framework */ = {isa = PBXFileReference; lastKnownFileType = wrapper.framework; name = CoreTelephony.framework; path = System/Library/Frameworks/CoreTelephony.framework; sourceTree = SDKROOT; };
		F3CBD68E1DEED24F00B1ECAA /* CoreVideo.framework */ = {isa = PBXFileReference; lastKnownFileType = wrapper.framework; name = CoreVideo.framework; path = System/Library/Frameworks/CoreVideo.framework; sourceTree = SDKROOT; };
		F3CBD6901DEED25700B1ECAA /* ImageIO.framework */ = {isa = PBXFileReference; lastKnownFileType = wrapper.framework; name = ImageIO.framework; path = System/Library/Frameworks/ImageIO.framework; sourceTree = SDKROOT; };
		F3CBD6921DEED26700B1ECAA /* libc++.tbd */ = {isa = PBXFileReference; lastKnownFileType = "sourcecode.text-based-dylib-definition"; name = "libc++.tbd"; path = "usr/lib/libc++.tbd"; sourceTree = SDKROOT; };
		F3CBD6941DEED27000B1ECAA /* libc++abi.tbd */ = {isa = PBXFileReference; lastKnownFileType = "sourcecode.text-based-dylib-definition"; name = "libc++abi.tbd"; path = "usr/lib/libc++abi.tbd"; sourceTree = SDKROOT; };
		F3CBD6961DEED27D00B1ECAA /* libsqlite3.tbd */ = {isa = PBXFileReference; lastKnownFileType = "sourcecode.text-based-dylib-definition"; name = libsqlite3.tbd; path = usr/lib/libsqlite3.tbd; sourceTree = SDKROOT; };
		F3CBD6981DEED28900B1ECAA /* libstdc++.tbd */ = {isa = PBXFileReference; lastKnownFileType = "sourcecode.text-based-dylib-definition"; name = "libstdc++.tbd"; path = "usr/lib/libstdc++.tbd"; sourceTree = SDKROOT; };
		F3CBD69A1DEED29300B1ECAA /* libxml2.tbd */ = {isa = PBXFileReference; lastKnownFileType = "sourcecode.text-based-dylib-definition"; name = libxml2.tbd; path = usr/lib/libxml2.tbd; sourceTree = SDKROOT; };
		F3CBD69C1DEED29D00B1ECAA /* libz.tbd */ = {isa = PBXFileReference; lastKnownFileType = "sourcecode.text-based-dylib-definition"; name = libz.tbd; path = usr/lib/libz.tbd; sourceTree = SDKROOT; };
		F3CBD69E1DEED2A400B1ECAA /* MapKit.framework */ = {isa = PBXFileReference; lastKnownFileType = wrapper.framework; name = MapKit.framework; path = System/Library/Frameworks/MapKit.framework; sourceTree = SDKROOT; };
		F3CBD6A01DEED2AC00B1ECAA /* OpenGLES.framework */ = {isa = PBXFileReference; lastKnownFileType = wrapper.framework; name = OpenGLES.framework; path = System/Library/Frameworks/OpenGLES.framework; sourceTree = SDKROOT; };
		F3CBD6A21DEED2B800B1ECAA /* QuartzCore.framework */ = {isa = PBXFileReference; lastKnownFileType = wrapper.framework; name = QuartzCore.framework; path = System/Library/Frameworks/QuartzCore.framework; sourceTree = SDKROOT; };
		F3CBD6A41DEED2C100B1ECAA /* SystemConfiguration.framework */ = {isa = PBXFileReference; lastKnownFileType = wrapper.framework; name = SystemConfiguration.framework; path = System/Library/Frameworks/SystemConfiguration.framework; sourceTree = SDKROOT; };
		F3CBD6A61DEED2C900B1ECAA /* UIKit.framework */ = {isa = PBXFileReference; lastKnownFileType = wrapper.framework; name = UIKit.framework; path = System/Library/Frameworks/UIKit.framework; sourceTree = SDKROOT; };
		F3CBD6A81DEED2D200B1ECAA /* Photos.framework */ = {isa = PBXFileReference; lastKnownFileType = wrapper.framework; name = Photos.framework; path = System/Library/Frameworks/Photos.framework; sourceTree = SDKROOT; };
		F3CBD6AA1DEED2D900B1ECAA /* SafariServices.framework */ = {isa = PBXFileReference; lastKnownFileType = wrapper.framework; name = SafariServices.framework; path = System/Library/Frameworks/SafariServices.framework; sourceTree = SDKROOT; };
		F3CBD6AD1DEED3C500B1ECAA /* GQChatListController.h */ = {isa = PBXFileReference; fileEncoding = 4; lastKnownFileType = sourcecode.c.h; path = GQChatListController.h; sourceTree = "<group>"; };
		F3CBD6AE1DEED3C500B1ECAA /* GQChatListController.m */ = {isa = PBXFileReference; fileEncoding = 4; lastKnownFileType = sourcecode.c.objc; path = GQChatListController.m; sourceTree = "<group>"; };
		F3CBD6B11DEED85F00B1ECAA /* Emoji.plist */ = {isa = PBXFileReference; fileEncoding = 4; lastKnownFileType = text.plist.xml; path = Emoji.plist; sourceTree = "<group>"; };
		F3CBD6B31DEED85F00B1ECAA /* en */ = {isa = PBXFileReference; lastKnownFileType = text.plist.strings; name = en; path = en.lproj/RongCloudKit.strings; sourceTree = "<group>"; };
		F3CBD6B41DEED85F00B1ECAA /* RongCloud.bundle */ = {isa = PBXFileReference; lastKnownFileType = "wrapper.plug-in"; path = RongCloud.bundle; sourceTree = "<group>"; };
		F3CBD6B51DEED85F00B1ECAA /* RongIMKit.framework */ = {isa = PBXFileReference; lastKnownFileType = wrapper.framework; path = RongIMKit.framework; sourceTree = "<group>"; };
		F3CBD6B61DEED85F00B1ECAA /* zh-Hans */ = {isa = PBXFileReference; lastKnownFileType = text.plist.strings; name = "zh-Hans"; path = "zh-Hans.lproj/RongCloudKit.strings"; sourceTree = "<group>"; };
		F3CBD6BC1DEED8B400B1ECAA /* libopencore-amrnb.a */ = {isa = PBXFileReference; lastKnownFileType = archive.ar; path = "libopencore-amrnb.a"; sourceTree = "<group>"; };
		F3CBD6BD1DEED8B400B1ECAA /* RCConfig.plist */ = {isa = PBXFileReference; fileEncoding = 4; lastKnownFileType = text.plist.xml; path = RCConfig.plist; sourceTree = "<group>"; };
		F3CBD6BE1DEED8B400B1ECAA /* RongIMLib.framework */ = {isa = PBXFileReference; lastKnownFileType = wrapper.framework; path = RongIMLib.framework; sourceTree = "<group>"; };
		F3CBD6C31DEED94D00B1ECAA /* GQChatController.h */ = {isa = PBXFileReference; fileEncoding = 4; lastKnownFileType = sourcecode.c.h; path = GQChatController.h; sourceTree = "<group>"; };
		F3CBD6C41DEED94D00B1ECAA /* GQChatController.m */ = {isa = PBXFileReference; fileEncoding = 4; lastKnownFileType = sourcecode.c.objc; path = GQChatController.m; sourceTree = "<group>"; };
		F3CBD6C61DEEF46E00B1ECAA /* GQUserInfoDataSource.h */ = {isa = PBXFileReference; fileEncoding = 4; lastKnownFileType = sourcecode.c.h; path = GQUserInfoDataSource.h; sourceTree = "<group>"; };
		F3CBD6C71DEEF46E00B1ECAA /* GQUserInfoDataSource.m */ = {isa = PBXFileReference; fileEncoding = 4; lastKnownFileType = sourcecode.c.objc; path = GQUserInfoDataSource.m; sourceTree = "<group>"; };
		F3CBD7031DF00EF200B1ECAA /* AlipaySDK.bundle */ = {isa = PBXFileReference; lastKnownFileType = "wrapper.plug-in"; path = AlipaySDK.bundle; sourceTree = "<group>"; };
		F3CBD7041DF00EF200B1ECAA /* AlipaySDK.framework */ = {isa = PBXFileReference; lastKnownFileType = wrapper.framework; path = AlipaySDK.framework; sourceTree = "<group>"; };
		F3CBD7071DF00EF200B1ECAA /* en */ = {isa = PBXFileReference; lastKnownFileType = text.plist.strings; name = en; path = en.lproj/JrmfInfo.strings; sourceTree = "<group>"; };
		F3CBD7081DF00EF200B1ECAA /* JResource.bundle */ = {isa = PBXFileReference; lastKnownFileType = "wrapper.plug-in"; path = JResource.bundle; sourceTree = "<group>"; };
		F3CBD7091DF00EF200B1ECAA /* JrmfPacketKit.framework */ = {isa = PBXFileReference; lastKnownFileType = wrapper.framework; path = JrmfPacketKit.framework; sourceTree = "<group>"; };
		F3CBD70A1DF00EF200B1ECAA /* JYangToolKit.framework */ = {isa = PBXFileReference; lastKnownFileType = wrapper.framework; path = JYangToolKit.framework; sourceTree = "<group>"; };
		F3CBD70B1DF00EF200B1ECAA /* zh-Hans */ = {isa = PBXFileReference; lastKnownFileType = text.plist.strings; name = "zh-Hans"; path = "zh-Hans.lproj/JrmfInfo.strings"; sourceTree = "<group>"; };
		F3CBD7121DF010D200B1ECAA /* CoreText.framework */ = {isa = PBXFileReference; lastKnownFileType = wrapper.framework; name = CoreText.framework; path = System/Library/Frameworks/CoreText.framework; sourceTree = SDKROOT; };
		F3CBD7141DF010E700B1ECAA /* Foundation.framework */ = {isa = PBXFileReference; lastKnownFileType = wrapper.framework; name = Foundation.framework; path = System/Library/Frameworks/Foundation.framework; sourceTree = SDKROOT; };
		F3CBD7161DF010F200B1ECAA /* CoreMotion.framework */ = {isa = PBXFileReference; lastKnownFileType = wrapper.framework; name = CoreMotion.framework; path = System/Library/Frameworks/CoreMotion.framework; sourceTree = SDKROOT; };
		F3CBD77E1DF1746A00B1ECAA /* QRCodeController.h */ = {isa = PBXFileReference; fileEncoding = 4; lastKnownFileType = sourcecode.c.h; path = QRCodeController.h; sourceTree = "<group>"; };
		F3CBD77F1DF1746A00B1ECAA /* QRCodeController.m */ = {isa = PBXFileReference; fileEncoding = 4; lastKnownFileType = sourcecode.c.objc; path = QRCodeController.m; sourceTree = "<group>"; };
		F3E56BEF1DF51A3F008AE132 /* FaceController.h */ = {isa = PBXFileReference; fileEncoding = 4; lastKnownFileType = sourcecode.c.h; path = FaceController.h; sourceTree = "<group>"; };
		F3E56BF01DF51A3F008AE132 /* FaceController.m */ = {isa = PBXFileReference; fileEncoding = 4; lastKnownFileType = sourcecode.c.objc; path = FaceController.m; sourceTree = "<group>"; };
		F3E56BF41DF52287008AE132 /* faces1.png */ = {isa = PBXFileReference; lastKnownFileType = image.png; path = faces1.png; sourceTree = "<group>"; };
		F3E56BF51DF52287008AE132 /* faces2.jpg */ = {isa = PBXFileReference; lastKnownFileType = image.jpeg; path = faces2.jpg; sourceTree = "<group>"; };
		F3E56BF61DF52287008AE132 /* faces3.jpg */ = {isa = PBXFileReference; lastKnownFileType = image.jpeg; path = faces3.jpg; sourceTree = "<group>"; };
		F3E56BF71DF52287008AE132 /* faces4.jpg */ = {isa = PBXFileReference; lastKnownFileType = image.jpeg; path = faces4.jpg; sourceTree = "<group>"; };
		F3E56BF81DF52287008AE132 /* faces5.jpg */ = {isa = PBXFileReference; lastKnownFileType = image.jpeg; path = faces5.jpg; sourceTree = "<group>"; };
		F3E56BF91DF52287008AE132 /* faces6.jpg */ = {isa = PBXFileReference; lastKnownFileType = image.jpeg; path = faces6.jpg; sourceTree = "<group>"; };
/* End PBXFileReference section */

/* Begin PBXFrameworksBuildPhase section */
		F30449861E236F7900309E81 /* Frameworks */ = {
			isa = PBXFrameworksBuildPhase;
			buildActionMask = 2147483647;
			files = (
				F304498B1E236F7900309E81 /* NotificationCenter.framework in Frameworks */,
			);
			runOnlyForDeploymentPostprocessing = 0;
		};
		F39D9C101DDD548300B2100A /* Frameworks */ = {
			isa = PBXFrameworksBuildPhase;
			buildActionMask = 2147483647;
			files = (
				F35139331DF6EB2E009F8A1C /* UMMobClick.framework in Frameworks */,
				F35138F21DF5693E009F8A1C /* UMSocialCore.framework in Frameworks */,
				F3CBD7171DF010F200B1ECAA /* CoreMotion.framework in Frameworks */,
				F3CBD7151DF010E700B1ECAA /* Foundation.framework in Frameworks */,
				F3CBD7131DF010D200B1ECAA /* CoreText.framework in Frameworks */,
				F35138EC1DF5693E009F8A1C /* libWeiboSDK.a in Frameworks */,
				F3CBD6AB1DEED2D900B1ECAA /* SafariServices.framework in Frameworks */,
				F3CBD6A91DEED2D200B1ECAA /* Photos.framework in Frameworks */,
				F35138E91DF5693D009F8A1C /* TencentOpenAPI.framework in Frameworks */,
				F3CBD6A71DEED2C900B1ECAA /* UIKit.framework in Frameworks */,
				F35138EE1DF5693E009F8A1C /* libSocialWeChat.a in Frameworks */,
				F3CBD6A51DEED2C200B1ECAA /* SystemConfiguration.framework in Frameworks */,
				F3CBD6A31DEED2B800B1ECAA /* QuartzCore.framework in Frameworks */,
				F3CBD6A11DEED2AC00B1ECAA /* OpenGLES.framework in Frameworks */,
				F3CBD69F1DEED2A400B1ECAA /* MapKit.framework in Frameworks */,
				F35138EB1DF5693E009F8A1C /* libSocialSina.a in Frameworks */,
				F3CBD69D1DEED29D00B1ECAA /* libz.tbd in Frameworks */,
				F3CBD69B1DEED29300B1ECAA /* libxml2.tbd in Frameworks */,
				F35139361DF6EBC3009F8A1C /* UMMobClick.framework in Frameworks */,
				F3CBD6BF1DEED8B400B1ECAA /* libopencore-amrnb.a in Frameworks */,
				F35138EF1DF5693E009F8A1C /* libWeChatSDK.a in Frameworks */,
				F3CBD6991DEED28900B1ECAA /* libstdc++.tbd in Frameworks */,
				F3CBD6971DEED27D00B1ECAA /* libsqlite3.tbd in Frameworks */,
				F3CBD6951DEED27000B1ECAA /* libc++abi.tbd in Frameworks */,
				F35138E81DF5693D009F8A1C /* libSocialQQ.a in Frameworks */,
				F35138F31DF5693E009F8A1C /* UMSocialNetwork.framework in Frameworks */,
				F3CBD6931DEED26700B1ECAA /* libc++.tbd in Frameworks */,
				F3CBD6911DEED25700B1ECAA /* ImageIO.framework in Frameworks */,
				F3CBD6BA1DEED85F00B1ECAA /* RongIMKit.framework in Frameworks */,
				F3CBD7101DF00EF200B1ECAA /* JrmfPacketKit.framework in Frameworks */,
				F3CBD68F1DEED24F00B1ECAA /* CoreVideo.framework in Frameworks */,
				F3CBD68D1DEED24800B1ECAA /* CoreTelephony.framework in Frameworks */,
				F3CBD68B1DEED23C00B1ECAA /* CoreMedia.framework in Frameworks */,
				F3CBD6891DEED23300B1ECAA /* CoreLocation.framework in Frameworks */,
				F3CBD6871DEED22C00B1ECAA /* CoreGraphics.framework in Frameworks */,
				F3CBD70D1DF00EF200B1ECAA /* AlipaySDK.framework in Frameworks */,
				F3CBD6851DEED22500B1ECAA /* CoreAudio.framework in Frameworks */,
				F3CBD6C11DEED8B400B1ECAA /* RongIMLib.framework in Frameworks */,
				F3CBD6831DEED21900B1ECAA /* CFNetwork.framework in Frameworks */,
				F3CBD6811DEED21200B1ECAA /* AVFoundation.framework in Frameworks */,
				F35138F51DF5693E009F8A1C /* UShareUI.framework in Frameworks */,
				F3CBD67F1DEED20B00B1ECAA /* AudioToolbox.framework in Frameworks */,
				F3CBD67D1DEED20200B1ECAA /* AssetsLibrary.framework in Frameworks */,
				F3CBD7111DF00EF200B1ECAA /* JYangToolKit.framework in Frameworks */,
			);
			runOnlyForDeploymentPostprocessing = 0;
		};
/* End PBXFrameworksBuildPhase section */

/* Begin PBXGroup section */
		F304498C1E236F7900309E81 /* TodayExtension */ = {
			isa = PBXGroup;
			children = (
				F304498D1E236F7900309E81 /* TodayViewController.h */,
				F304498E1E236F7900309E81 /* TodayViewController.m */,
				F30449901E236F7900309E81 /* MainInterface.storyboard */,
				F30449931E236F7900309E81 /* Info.plist */,
			);
			path = TodayExtension;
			sourceTree = "<group>";
		};
		F304499B1E23727F00309E81 /* LeftMenuController */ = {
			isa = PBXGroup;
			children = (
				F304499C1E23727F00309E81 /* 1.PNG */,
				F304499D1E23727F00309E81 /* 2.PNG */,
				F304499E1E23727F00309E81 /* LCnterViewController.h */,
				F304499F1E23727F00309E81 /* LCnterViewController.m */,
				F30449A01E23727F00309E81 /* LDrawerViewController */,
				F30449A71E23727F00309E81 /* LLeftViewController.h */,
				F30449A81E23727F00309E81 /* LLeftViewController.m */,
			);
			path = LeftMenuController;
			sourceTree = "<group>";
		};
		F30449A01E23727F00309E81 /* LDrawerViewController */ = {
			isa = PBXGroup;
			children = (
				F30449A11E23727F00309E81 /* LCnterView.h */,
				F30449A21E23727F00309E81 /* LCnterView.m */,
				F30449A31E23727F00309E81 /* LDrawerViewController.h */,
				F30449A41E23727F00309E81 /* LDrawerViewController.m */,
				F30449A51E23727F00309E81 /* LViewController.h */,
				F30449A61E23727F00309E81 /* LViewController.m */,
			);
			path = LDrawerViewController;
			sourceTree = "<group>";
		};
		F35138C01DF5693D009F8A1C /* UMeng */ = {
			isa = PBXGroup;
			children = (
				F35139341DF6EBC3009F8A1C /* UMAnalytics */,
				F35138C11DF5693D009F8A1C /* UMengController */,
				F35138C21DF5693D009F8A1C /* UMSocial */,
			);
			path = UMeng;
			sourceTree = "<group>";
		};
		F35138C11DF5693D009F8A1C /* UMengController */ = {
			isa = PBXGroup;
			children = (
				F35138F61DF581B0009F8A1C /* UMengController.h */,
				F35138F71DF581B0009F8A1C /* UMengController.m */,
			);
			path = UMengController;
			sourceTree = "<group>";
		};
		F35138C21DF5693D009F8A1C /* UMSocial */ = {
			isa = PBXGroup;
			children = (
				F35138C31DF5693D009F8A1C /* SocialLibraries */,
				F35138E21DF5693D009F8A1C /* UMSocialSDK */,
				F35138E51DF5693D009F8A1C /* UMSocialUI */,
			);
			path = UMSocial;
			sourceTree = "<group>";
		};
		F35138C31DF5693D009F8A1C /* SocialLibraries */ = {
			isa = PBXGroup;
			children = (
				F35138C41DF5693D009F8A1C /* QQ */,
				F35138C91DF5693D009F8A1C /* Sina */,
				F35138D91DF5693D009F8A1C /* WeChat */,
			);
			path = SocialLibraries;
			sourceTree = "<group>";
		};
		F35138C41DF5693D009F8A1C /* QQ */ = {
			isa = PBXGroup;
			children = (
				F35138C51DF5693D009F8A1C /* libSocialQQ.a */,
				F35138C61DF5693D009F8A1C /* TencentOpenAPI.framework */,
				F35138C71DF5693D009F8A1C /* TencentOpenApi_IOS_Bundle.bundle */,
				F35138C81DF5693D009F8A1C /* UMSocialQQHandler.h */,
			);
			path = QQ;
			sourceTree = "<group>";
		};
		F35138C91DF5693D009F8A1C /* Sina */ = {
			isa = PBXGroup;
			children = (
				F35138CA1DF5693D009F8A1C /* libSocialSina.a */,
				F35138CB1DF5693D009F8A1C /* libWeiboSDK.a */,
				F35138CC1DF5693D009F8A1C /* UMSocialSinaHandler.h */,
				F35138CD1DF5693D009F8A1C /* WBHttpRequest+WeiboGame.h */,
				F35138CE1DF5693D009F8A1C /* WBHttpRequest+WeiboShare.h */,
				F35138CF1DF5693D009F8A1C /* WBHttpRequest+WeiboToken.h */,
				F35138D01DF5693D009F8A1C /* WBHttpRequest+WeiboUser.h */,
				F35138D11DF5693D009F8A1C /* WBHttpRequest.h */,
				F35138D21DF5693D009F8A1C /* WBSDKBasicButton.h */,
				F35138D31DF5693D009F8A1C /* WBSDKCommentButton.h */,
				F35138D41DF5693D009F8A1C /* WBSDKRelationshipButton.h */,
				F35138D51DF5693D009F8A1C /* WeiboSDK+Statistics.h */,
				F35138D61DF5693D009F8A1C /* WeiboSDK.bundle */,
				F35138D71DF5693D009F8A1C /* WeiboSDK.h */,
				F35138D81DF5693D009F8A1C /* WeiboUser.h */,
			);
			path = Sina;
			sourceTree = "<group>";
		};
		F35138D91DF5693D009F8A1C /* WeChat */ = {
			isa = PBXGroup;
			children = (
				F35138DA1DF5693D009F8A1C /* libSocialWeChat.a */,
				F35138DB1DF5693D009F8A1C /* libWeChatSDK.a */,
				F35138DC1DF5693D009F8A1C /* read_me.txt */,
				F35138DD1DF5693D009F8A1C /* README.txt */,
				F35138DE1DF5693D009F8A1C /* UMSocialWechatHandler.h */,
				F35138DF1DF5693D009F8A1C /* WechatAuthSDK.h */,
				F35138E01DF5693D009F8A1C /* WXApi.h */,
				F35138E11DF5693D009F8A1C /* WXApiObject.h */,
			);
			path = WeChat;
			sourceTree = "<group>";
		};
		F35138E21DF5693D009F8A1C /* UMSocialSDK */ = {
			isa = PBXGroup;
			children = (
				F35138E31DF5693D009F8A1C /* UMSocialCore.framework */,
				F35138E41DF5693D009F8A1C /* UMSocialNetwork.framework */,
			);
			path = UMSocialSDK;
			sourceTree = "<group>";
		};
		F35138E51DF5693D009F8A1C /* UMSocialUI */ = {
			isa = PBXGroup;
			children = (
				F35138E61DF5693D009F8A1C /* UMSocialSDKResources.bundle */,
				F35138E71DF5693D009F8A1C /* UShareUI.framework */,
			);
			path = UMSocialUI;
			sourceTree = "<group>";
		};
		F35139341DF6EBC3009F8A1C /* UMAnalytics */ = {
			isa = PBXGroup;
			children = (
				F35139351DF6EBC3009F8A1C /* UMMobClick.framework */,
			);
			path = UMAnalytics;
			sourceTree = "<group>";
		};
		F356D5591E5BE94E00F298E9 /* ImageTextViewController */ = {
			isa = PBXGroup;
			children = (
				F356D55D1E5BEA9A00F298E9 /* bg_airticket_carrier@2x.png */,
				F356D55A1E5BE95D00F298E9 /* ImageTextViewController.h */,
				F356D55B1E5BE95D00F298E9 /* ImageTextViewController.m */,
			);
			path = ImageTextViewController;
			sourceTree = "<group>";
		};
		F38A28A11E0BCD2C00F1BD16 /* YYModelController */ = {
			isa = PBXGroup;
			children = (
				F38A28A21E0BCD2C00F1BD16 /* YYModel */,
				F38A28AA1E0BCDAB00F1BD16 /* YYModelController.h */,
				F38A28AB1E0BCDAB00F1BD16 /* YYModelController.m */,
				F38A28AD1E0BCE6F00F1BD16 /* YYUser.h */,
				F38A28AE1E0BCE6F00F1BD16 /* YYUser.m */,
				F38A28B01E0BD05000F1BD16 /* YYBook.h */,
				F38A28B11E0BD05000F1BD16 /* YYBook.m */,
				F38A28B31E0BD31800F1BD16 /* YYAuthor.h */,
				F38A28B41E0BD31800F1BD16 /* YYAuthor.m */,
				F38A28B61E0BD33D00F1BD16 /* YYBook2.h */,
				F38A28B71E0BD33D00F1BD16 /* YYBook2.m */,
				F38A28B91E0BD8D200F1BD16 /* YYAttributes.h */,
				F38A28BA1E0BD8D200F1BD16 /* YYAttributes.m */,
				F38A28BC1E0BEB6700F1BD16 /* YYShadow.h */,
				F38A28BD1E0BEB6700F1BD16 /* YYShadow.m */,
				F38A28BF1E0BEB7700F1BD16 /* YYBorder.h */,
				F38A28C01E0BEB7700F1BD16 /* YYBorder.m */,
				F38A28C21E0BEB8F00F1BD16 /* YYAttachment.h */,
				F38A28C31E0BEB8F00F1BD16 /* YYAttachment.m */,
			);
			path = YYModelController;
			sourceTree = "<group>";
		};
		F38A28A21E0BCD2C00F1BD16 /* YYModel */ = {
			isa = PBXGroup;
			children = (
				F38A28A31E0BCD2C00F1BD16 /* NSObject+YYModel.h */,
				F38A28A41E0BCD2C00F1BD16 /* NSObject+YYModel.m */,
				F38A28A51E0BCD2C00F1BD16 /* YYClassInfo.h */,
				F38A28A61E0BCD2C00F1BD16 /* YYClassInfo.m */,
				F38A28A71E0BCD2C00F1BD16 /* YYModel.h */,
			);
			path = YYModel;
			sourceTree = "<group>";
		};
		F38A28C51E0FE32400F1BD16 /* QQPopViewController */ = {
			isa = PBXGroup;
			children = (
				F38A28C61E0FE32400F1BD16 /* PopMenu */,
				F38A28D31E0FE32400F1BD16 /* QQImages */,
				F38A28DA1E0FE32400F1BD16 /* QQPopViewController.h */,
				F38A28DB1E0FE32400F1BD16 /* QQPopViewController.m */,
			);
			path = QQPopViewController;
			sourceTree = "<group>";
		};
		F38A28C61E0FE32400F1BD16 /* PopMenu */ = {
			isa = PBXGroup;
			children = (
				F38A28C71E0FE32400F1BD16 /* WBPopMenuModel.h */,
				F38A28C81E0FE32400F1BD16 /* WBPopMenuModel.m */,
				F38A28C91E0FE32400F1BD16 /* WBPopMenuSingleton.h */,
				F38A28CA1E0FE32400F1BD16 /* WBPopMenuSingleton.m */,
				F38A28CB1E0FE32400F1BD16 /* WBPopMenuView.h */,
				F38A28CC1E0FE32400F1BD16 /* WBPopMenuView.m */,
				F38A28CD1E0FE32400F1BD16 /* WBTableViewCell.h */,
				F38A28CE1E0FE32400F1BD16 /* WBTableViewCell.m */,
				F38A28CF1E0FE32400F1BD16 /* WBTableViewDataSource.h */,
				F38A28D01E0FE32400F1BD16 /* WBTableViewDataSource.m */,
				F38A28D11E0FE32400F1BD16 /* WBTableViewDelegate.h */,
				F38A28D21E0FE32400F1BD16 /* WBTableViewDelegate.m */,
			);
			path = PopMenu;
			sourceTree = "<group>";
		};
		F38A28D31E0FE32400F1BD16 /* QQImages */ = {
			isa = PBXGroup;
			children = (
				F38A28D41E0FE32400F1BD16 /* right_menu_addFri@3x.png */,
				F38A28D51E0FE32400F1BD16 /* right_menu_facetoface@3x.png */,
				F38A28D61E0FE32400F1BD16 /* right_menu_multichat@3x.png */,
				F38A28D71E0FE32400F1BD16 /* right_menu_payMoney@3x.png */,
				F38A28D81E0FE32400F1BD16 /* right_menu_QR@3x.png */,
				F38A28D91E0FE32400F1BD16 /* right_menu_sendFile@3x.png */,
			);
			path = QQImages;
			sourceTree = "<group>";
		};
		F39D9C0A1DDD548300B2100A = {
			isa = PBXGroup;
			children = (
				F39D9C151DDD548300B2100A /* ios_learning */,
				F304498C1E236F7900309E81 /* TodayExtension */,
				F39D9C141DDD548300B2100A /* Products */,
				F3CBD67B1DEED20200B1ECAA /* Frameworks */,
			);
			sourceTree = "<group>";
		};
		F39D9C141DDD548300B2100A /* Products */ = {
			isa = PBXGroup;
			children = (
				F39D9C131DDD548300B2100A /* ios_learning.app */,
				F30449891E236F7900309E81 /* TodayExtension.appex */,
			);
			name = Products;
			sourceTree = "<group>";
		};
		F39D9C151DDD548300B2100A /* ios_learning */ = {
			isa = PBXGroup;
			children = (
				F3A0B5AF1EFD33D70056D54B /* LeftDeleteController */,
				F356D5591E5BE94E00F298E9 /* ImageTextViewController */,
				F304499B1E23727F00309E81 /* LeftMenuController */,
				F38A28C51E0FE32400F1BD16 /* QQPopViewController */,
				F38A28A11E0BCD2C00F1BD16 /* YYModelController */,
				F35138C01DF5693D009F8A1C /* UMeng */,
				F3E56BEE1DF51A33008AE132 /* FaceController */,
				F3CBD77D1DF1745400B1ECAA /* QRCodeController */,
				F3CBD66E1DEED1D500B1ECAA /* RongCloud */,
				F39D9C2D1DDD550300B2100A /* TouchIdController */,
				F39D9C191DDD548300B2100A /* AppDelegate.h */,
				F39D9C1A1DDD548300B2100A /* AppDelegate.m */,
				F39D9C1C1DDD548300B2100A /* ViewController.h */,
				F39D9C1D1DDD548300B2100A /* ViewController.m */,
				F39D9C331DDD557300B2100A /* ViewController.xib */,
				F39D9C221DDD548400B2100A /* Assets.xcassets */,
				F39D9C241DDD548400B2100A /* LaunchScreen.storyboard */,
				F39D9C271DDD548400B2100A /* Info.plist */,
				F39D9C161DDD548300B2100A /* Supporting Files */,
			);
			path = ios_learning;
			sourceTree = "<group>";
		};
		F39D9C161DDD548300B2100A /* Supporting Files */ = {
			isa = PBXGroup;
			children = (
				F39D9C171DDD548300B2100A /* main.m */,
			);
			name = "Supporting Files";
			sourceTree = "<group>";
		};
		F39D9C2D1DDD550300B2100A /* TouchIdController */ = {
			isa = PBXGroup;
			children = (
				F39D9C2E1DDD550300B2100A /* TouchIdController.h */,
				F39D9C2F1DDD550300B2100A /* TouchIdController.m */,
				F39D9C301DDD550300B2100A /* TouchIdController.xib */,
			);
			path = TouchIdController;
			sourceTree = "<group>";
		};
		F3A0B5AF1EFD33D70056D54B /* LeftDeleteController */ = {
			isa = PBXGroup;
			children = (
				F3A0B5B01EFD33F30056D54B /* LeftDeleteController.h */,
				F3A0B5B11EFD33F30056D54B /* LeftDeleteController.m */,
				F3A0B5B31F00AD9D0056D54B /* LeftDeleteCell.h */,
				F3A0B5B41F00AD9D0056D54B /* LeftDeleteCell.m */,
			);
			path = LeftDeleteController;
			sourceTree = "<group>";
		};
		F3CBD66E1DEED1D500B1ECAA /* RongCloud */ = {
			isa = PBXGroup;
			children = (
				F3CBD6C21DEED93800B1ECAA /* GQChatController */,
				F3CBD6AC1DEED3A000B1ECAA /* GQChatListController */,
				F3CBD66F1DEED1D500B1ECAA /* sdk */,
			);
			path = RongCloud;
			sourceTree = "<group>";
		};
		F3CBD66F1DEED1D500B1ECAA /* sdk */ = {
			isa = PBXGroup;
			children = (
				F3CBD7011DF00EF200B1ECAA /* RedPacket */,
				F3CBD6BB1DEED8B400B1ECAA /* IMLib */,
				F3CBD6B01DEED85F00B1ECAA /* IMKit */,
			);
			path = sdk;
			sourceTree = "<group>";
		};
		F3CBD67B1DEED20200B1ECAA /* Frameworks */ = {
			isa = PBXGroup;
			children = (
				F35139321DF6EB2E009F8A1C /* UMMobClick.framework */,
				F3CBD7161DF010F200B1ECAA /* CoreMotion.framework */,
				F3CBD7141DF010E700B1ECAA /* Foundation.framework */,
				F3CBD7121DF010D200B1ECAA /* CoreText.framework */,
				F3CBD6AA1DEED2D900B1ECAA /* SafariServices.framework */,
				F3CBD6A81DEED2D200B1ECAA /* Photos.framework */,
				F3CBD6A61DEED2C900B1ECAA /* UIKit.framework */,
				F3CBD6A41DEED2C100B1ECAA /* SystemConfiguration.framework */,
				F3CBD6A21DEED2B800B1ECAA /* QuartzCore.framework */,
				F3CBD6A01DEED2AC00B1ECAA /* OpenGLES.framework */,
				F3CBD69E1DEED2A400B1ECAA /* MapKit.framework */,
				F3CBD69C1DEED29D00B1ECAA /* libz.tbd */,
				F3CBD69A1DEED29300B1ECAA /* libxml2.tbd */,
				F3CBD6981DEED28900B1ECAA /* libstdc++.tbd */,
				F3CBD6961DEED27D00B1ECAA /* libsqlite3.tbd */,
				F3CBD6941DEED27000B1ECAA /* libc++abi.tbd */,
				F3CBD6921DEED26700B1ECAA /* libc++.tbd */,
				F3CBD6901DEED25700B1ECAA /* ImageIO.framework */,
				F3CBD68E1DEED24F00B1ECAA /* CoreVideo.framework */,
				F3CBD68C1DEED24800B1ECAA /* CoreTelephony.framework */,
				F3CBD68A1DEED23C00B1ECAA /* CoreMedia.framework */,
				F3CBD6881DEED23300B1ECAA /* CoreLocation.framework */,
				F3CBD6861DEED22B00B1ECAA /* CoreGraphics.framework */,
				F3CBD6841DEED22500B1ECAA /* CoreAudio.framework */,
				F3CBD6821DEED21900B1ECAA /* CFNetwork.framework */,
				F3CBD6801DEED21200B1ECAA /* AVFoundation.framework */,
				F3CBD67E1DEED20B00B1ECAA /* AudioToolbox.framework */,
				F3CBD67C1DEED20200B1ECAA /* AssetsLibrary.framework */,
				F304498A1E236F7900309E81 /* NotificationCenter.framework */,
			);
			name = Frameworks;
			sourceTree = "<group>";
		};
		F3CBD6AC1DEED3A000B1ECAA /* GQChatListController */ = {
			isa = PBXGroup;
			children = (
				F3CBD6AD1DEED3C500B1ECAA /* GQChatListController.h */,
				F3CBD6AE1DEED3C500B1ECAA /* GQChatListController.m */,
				F3CBD6C61DEEF46E00B1ECAA /* GQUserInfoDataSource.h */,
				F3CBD6C71DEEF46E00B1ECAA /* GQUserInfoDataSource.m */,
			);
			path = GQChatListController;
			sourceTree = "<group>";
		};
		F3CBD6B01DEED85F00B1ECAA /* IMKit */ = {
			isa = PBXGroup;
			children = (
				F3CBD6B11DEED85F00B1ECAA /* Emoji.plist */,
				F3CBD6B21DEED85F00B1ECAA /* RongCloudKit.strings */,
				F3CBD6B41DEED85F00B1ECAA /* RongCloud.bundle */,
				F3CBD6B51DEED85F00B1ECAA /* RongIMKit.framework */,
			);
			path = IMKit;
			sourceTree = "<group>";
		};
		F3CBD6BB1DEED8B400B1ECAA /* IMLib */ = {
			isa = PBXGroup;
			children = (
				F3CBD6BC1DEED8B400B1ECAA /* libopencore-amrnb.a */,
				F3CBD6BD1DEED8B400B1ECAA /* RCConfig.plist */,
				F3CBD6BE1DEED8B400B1ECAA /* RongIMLib.framework */,
			);
			path = IMLib;
			sourceTree = "<group>";
		};
		F3CBD6C21DEED93800B1ECAA /* GQChatController */ = {
			isa = PBXGroup;
			children = (
				F3CBD6C31DEED94D00B1ECAA /* GQChatController.h */,
				F3CBD6C41DEED94D00B1ECAA /* GQChatController.m */,
			);
			path = GQChatController;
			sourceTree = "<group>";
		};
		F3CBD7011DF00EF200B1ECAA /* RedPacket */ = {
			isa = PBXGroup;
			children = (
				F3CBD7021DF00EF200B1ECAA /* AlipaySDK */,
				F3CBD7051DF00EF200B1ECAA /* JrmfIMLib */,
			);
			path = RedPacket;
			sourceTree = "<group>";
		};
		F3CBD7021DF00EF200B1ECAA /* AlipaySDK */ = {
			isa = PBXGroup;
			children = (
				F3CBD7031DF00EF200B1ECAA /* AlipaySDK.bundle */,
				F3CBD7041DF00EF200B1ECAA /* AlipaySDK.framework */,
			);
			path = AlipaySDK;
			sourceTree = "<group>";
		};
		F3CBD7051DF00EF200B1ECAA /* JrmfIMLib */ = {
			isa = PBXGroup;
			children = (
				F3CBD7061DF00EF200B1ECAA /* JrmfInfo.strings */,
				F3CBD7081DF00EF200B1ECAA /* JResource.bundle */,
				F3CBD7091DF00EF200B1ECAA /* JrmfPacketKit.framework */,
				F3CBD70A1DF00EF200B1ECAA /* JYangToolKit.framework */,
			);
			path = JrmfIMLib;
			sourceTree = "<group>";
		};
		F3CBD77D1DF1745400B1ECAA /* QRCodeController */ = {
			isa = PBXGroup;
			children = (
				F3CBD77E1DF1746A00B1ECAA /* QRCodeController.h */,
				F3CBD77F1DF1746A00B1ECAA /* QRCodeController.m */,
			);
			path = QRCodeController;
			sourceTree = "<group>";
		};
		F3E56BEE1DF51A33008AE132 /* FaceController */ = {
			isa = PBXGroup;
			children = (
				F3E56BF41DF52287008AE132 /* faces1.png */,
				F3E56BF51DF52287008AE132 /* faces2.jpg */,
				F3E56BF61DF52287008AE132 /* faces3.jpg */,
				F3E56BF71DF52287008AE132 /* faces4.jpg */,
				F3E56BF81DF52287008AE132 /* faces5.jpg */,
				F3E56BF91DF52287008AE132 /* faces6.jpg */,
				F3E56BEF1DF51A3F008AE132 /* FaceController.h */,
				F3E56BF01DF51A3F008AE132 /* FaceController.m */,
			);
			path = FaceController;
			sourceTree = "<group>";
		};
/* End PBXGroup section */

/* Begin PBXNativeTarget section */
		F30449881E236F7900309E81 /* TodayExtension */ = {
			isa = PBXNativeTarget;
			buildConfigurationList = F30449991E236F7900309E81 /* Build configuration list for PBXNativeTarget "TodayExtension" */;
			buildPhases = (
				F30449851E236F7900309E81 /* Sources */,
				F30449861E236F7900309E81 /* Frameworks */,
				F30449871E236F7900309E81 /* Resources */,
			);
			buildRules = (
			);
			dependencies = (
			);
			name = TodayExtension;
			productName = TodayExtension;
			productReference = F30449891E236F7900309E81 /* TodayExtension.appex */;
			productType = "com.apple.product-type.app-extension";
		};
		F39D9C121DDD548300B2100A /* ios_learning */ = {
			isa = PBXNativeTarget;
			buildConfigurationList = F39D9C2A1DDD548400B2100A /* Build configuration list for PBXNativeTarget "ios_learning" */;
			buildPhases = (
				F39D9C0F1DDD548300B2100A /* Sources */,
				F39D9C101DDD548300B2100A /* Frameworks */,
				F39D9C111DDD548300B2100A /* Resources */,
				F304499A1E236F7900309E81 /* Embed App Extensions */,
			);
			buildRules = (
			);
			dependencies = (
				F30449951E236F7900309E81 /* PBXTargetDependency */,
			);
			name = ios_learning;
			productName = ios_learning;
			productReference = F39D9C131DDD548300B2100A /* ios_learning.app */;
			productType = "com.apple.product-type.application";
		};
/* End PBXNativeTarget section */

/* Begin PBXProject section */
		F39D9C0B1DDD548300B2100A /* Project object */ = {
			isa = PBXProject;
			attributes = {
				LastUpgradeCheck = 0810;
				ORGANIZATIONNAME = Gideon;
				TargetAttributes = {
					F30449881E236F7900309E81 = {
						CreatedOnToolsVersion = 8.1;
						DevelopmentTeam = 8BWMP5PQDU;
						ProvisioningStyle = Automatic;
					};
					F39D9C121DDD548300B2100A = {
						CreatedOnToolsVersion = 8.1;
						DevelopmentTeam = 8BWMP5PQDU;
						ProvisioningStyle = Automatic;
					};
				};
			};
			buildConfigurationList = F39D9C0E1DDD548300B2100A /* Build configuration list for PBXProject "ios_learning" */;
			compatibilityVersion = "Xcode 3.2";
			developmentRegion = English;
			hasScannedForEncodings = 0;
			knownRegions = (
				en,
				Base,
				"zh-Hans",
			);
			mainGroup = F39D9C0A1DDD548300B2100A;
			productRefGroup = F39D9C141DDD548300B2100A /* Products */;
			projectDirPath = "";
			projectRoot = "";
			targets = (
				F39D9C121DDD548300B2100A /* ios_learning */,
				F30449881E236F7900309E81 /* TodayExtension */,
			);
		};
/* End PBXProject section */

/* Begin PBXResourcesBuildPhase section */
		F30449871E236F7900309E81 /* Resources */ = {
			isa = PBXResourcesBuildPhase;
			buildActionMask = 2147483647;
			files = (
				F30449921E236F7900309E81 /* MainInterface.storyboard in Resources */,
			);
			runOnlyForDeploymentPostprocessing = 0;
		};
		F39D9C111DDD548300B2100A /* Resources */ = {
			isa = PBXResourcesBuildPhase;
			buildActionMask = 2147483647;
			files = (
				F30449AA1E23727F00309E81 /* 2.PNG in Resources */,
				F3E56BFE1DF52287008AE132 /* faces5.jpg in Resources */,
				F35138ED1DF5693E009F8A1C /* WeiboSDK.bundle in Resources */,
				F3CBD70C1DF00EF200B1ECAA /* AlipaySDK.bundle in Resources */,
				F356D55E1E5BEA9A00F298E9 /* bg_airticket_carrier@2x.png in Resources */,
				F3CBD6B91DEED85F00B1ECAA /* RongCloud.bundle in Resources */,
				F3CBD6B71DEED85F00B1ECAA /* Emoji.plist in Resources */,
				F38A28E61E0FE32400F1BD16 /* right_menu_QR@3x.png in Resources */,
				F3E56BFD1DF52287008AE132 /* faces4.jpg in Resources */,
				F3CBD70F1DF00EF200B1ECAA /* JResource.bundle in Resources */,
				F35138EA1DF5693E009F8A1C /* TencentOpenApi_IOS_Bundle.bundle in Resources */,
				F3E56BFA1DF52287008AE132 /* faces1.png in Resources */,
				F3CBD70E1DF00EF200B1ECAA /* JrmfInfo.strings in Resources */,
				F30449A91E23727F00309E81 /* 1.PNG in Resources */,
				F39D9C341DDD557300B2100A /* ViewController.xib in Resources */,
				F3CBD6C01DEED8B400B1ECAA /* RCConfig.plist in Resources */,
				F3E56BFC1DF52287008AE132 /* faces3.jpg in Resources */,
				F39D9C261DDD548400B2100A /* LaunchScreen.storyboard in Resources */,
				F38A28E71E0FE32400F1BD16 /* right_menu_sendFile@3x.png in Resources */,
				F35138F01DF5693E009F8A1C /* read_me.txt in Resources */,
				F3E56BFF1DF52287008AE132 /* faces6.jpg in Resources */,
				F38A28E21E0FE32400F1BD16 /* right_menu_addFri@3x.png in Resources */,
				F38A28E51E0FE32400F1BD16 /* right_menu_payMoney@3x.png in Resources */,
				F3E56BFB1DF52287008AE132 /* faces2.jpg in Resources */,
				F35138F41DF5693E009F8A1C /* UMSocialSDKResources.bundle in Resources */,
				F3CBD6B81DEED85F00B1ECAA /* RongCloudKit.strings in Resources */,
				F38A28E41E0FE32400F1BD16 /* right_menu_multichat@3x.png in Resources */,
				F38A28E31E0FE32400F1BD16 /* right_menu_facetoface@3x.png in Resources */,
				F39D9C231DDD548400B2100A /* Assets.xcassets in Resources */,
				F35138F11DF5693E009F8A1C /* README.txt in Resources */,
				F39D9C321DDD550300B2100A /* TouchIdController.xib in Resources */,
			);
			runOnlyForDeploymentPostprocessing = 0;
		};
/* End PBXResourcesBuildPhase section */

/* Begin PBXSourcesBuildPhase section */
		F30449851E236F7900309E81 /* Sources */ = {
			isa = PBXSourcesBuildPhase;
			buildActionMask = 2147483647;
			files = (
				F304498F1E236F7900309E81 /* TodayViewController.m in Sources */,
			);
			runOnlyForDeploymentPostprocessing = 0;
		};
		F39D9C0F1DDD548300B2100A /* Sources */ = {
			isa = PBXSourcesBuildPhase;
			buildActionMask = 2147483647;
			files = (
				F38A28C41E0BEB8F00F1BD16 /* YYAttachment.m in Sources */,
				F356D55C1E5BE95D00F298E9 /* ImageTextViewController.m in Sources */,
				F38A28AC1E0BCDAB00F1BD16 /* YYModelController.m in Sources */,
				F38A28E11E0FE32400F1BD16 /* WBTableViewDelegate.m in Sources */,
				F38A28DD1E0FE32400F1BD16 /* WBPopMenuSingleton.m in Sources */,
				F39D9C1E1DDD548300B2100A /* ViewController.m in Sources */,
				F3E56BF11DF51A3F008AE132 /* FaceController.m in Sources */,
				F38A28B21E0BD05000F1BD16 /* YYBook.m in Sources */,
				F38A28DC1E0FE32400F1BD16 /* WBPopMenuModel.m in Sources */,
				F38A28DF1E0FE32400F1BD16 /* WBTableViewCell.m in Sources */,
				F35138F81DF581B0009F8A1C /* UMengController.m in Sources */,
				F38A28C11E0BEB7700F1BD16 /* YYBorder.m in Sources */,
				F38A28B81E0BD33D00F1BD16 /* YYBook2.m in Sources */,
				F38A28E01E0FE32400F1BD16 /* WBTableViewDataSource.m in Sources */,
				F3CBD6C81DEEF46E00B1ECAA /* GQUserInfoDataSource.m in Sources */,
				F38A28A91E0BCD2C00F1BD16 /* YYClassInfo.m in Sources */,
				F39D9C1B1DDD548300B2100A /* AppDelegate.m in Sources */,
				F38A28E81E0FE32400F1BD16 /* QQPopViewController.m in Sources */,
				F3A0B5B21EFD33F30056D54B /* LeftDeleteController.m in Sources */,
				F30449AD1E23727F00309E81 /* LDrawerViewController.m in Sources */,
				F30449AB1E23727F00309E81 /* LCnterViewController.m in Sources */,
				F3A0B5B51F00AD9D0056D54B /* LeftDeleteCell.m in Sources */,
				F39D9C311DDD550300B2100A /* TouchIdController.m in Sources */,
				F30449AF1E23727F00309E81 /* LLeftViewController.m in Sources */,
				F38A28BE1E0BEB6700F1BD16 /* YYShadow.m in Sources */,
				F3CBD6C51DEED94D00B1ECAA /* GQChatController.m in Sources */,
				F38A28B51E0BD31800F1BD16 /* YYAuthor.m in Sources */,
				F30449AE1E23727F00309E81 /* LViewController.m in Sources */,
				F30449AC1E23727F00309E81 /* LCnterView.m in Sources */,
				F39D9C181DDD548300B2100A /* main.m in Sources */,
				F38A28DE1E0FE32400F1BD16 /* WBPopMenuView.m in Sources */,
				F38A28AF1E0BCE7000F1BD16 /* YYUser.m in Sources */,
				F38A28BB1E0BD8D200F1BD16 /* YYAttributes.m in Sources */,
				F38A28A81E0BCD2C00F1BD16 /* NSObject+YYModel.m in Sources */,
				F3CBD6AF1DEED3C500B1ECAA /* GQChatListController.m in Sources */,
				F3CBD7801DF1746A00B1ECAA /* QRCodeController.m in Sources */,
			);
			runOnlyForDeploymentPostprocessing = 0;
		};
/* End PBXSourcesBuildPhase section */

/* Begin PBXTargetDependency section */
		F30449951E236F7900309E81 /* PBXTargetDependency */ = {
			isa = PBXTargetDependency;
			target = F30449881E236F7900309E81 /* TodayExtension */;
			targetProxy = F30449941E236F7900309E81 /* PBXContainerItemProxy */;
		};
/* End PBXTargetDependency section */

/* Begin PBXVariantGroup section */
		F30449901E236F7900309E81 /* MainInterface.storyboard */ = {
			isa = PBXVariantGroup;
			children = (
				F30449911E236F7900309E81 /* Base */,
			);
			name = MainInterface.storyboard;
			sourceTree = "<group>";
		};
		F39D9C241DDD548400B2100A /* LaunchScreen.storyboard */ = {
			isa = PBXVariantGroup;
			children = (
				F39D9C251DDD548400B2100A /* Base */,
			);
			name = LaunchScreen.storyboard;
			sourceTree = "<group>";
		};
		F3CBD6B21DEED85F00B1ECAA /* RongCloudKit.strings */ = {
			isa = PBXVariantGroup;
			children = (
				F3CBD6B31DEED85F00B1ECAA /* en */,
				F3CBD6B61DEED85F00B1ECAA /* zh-Hans */,
			);
			name = RongCloudKit.strings;
			sourceTree = "<group>";
		};
		F3CBD7061DF00EF200B1ECAA /* JrmfInfo.strings */ = {
			isa = PBXVariantGroup;
			children = (
				F3CBD7071DF00EF200B1ECAA /* en */,
				F3CBD70B1DF00EF200B1ECAA /* zh-Hans */,
			);
			name = JrmfInfo.strings;
			sourceTree = "<group>";
		};
/* End PBXVariantGroup section */

/* Begin XCBuildConfiguration section */
		F30449971E236F7900309E81 /* Debug */ = {
			isa = XCBuildConfiguration;
			buildSettings = {
				DEVELOPMENT_TEAM = 8BWMP5PQDU;
				INFOPLIST_FILE = TodayExtension/Info.plist;
				IPHONEOS_DEPLOYMENT_TARGET = 10.1;
				LD_RUNPATH_SEARCH_PATHS = "$(inherited) @executable_path/Frameworks @executable_path/../../Frameworks";
				PRODUCT_BUNDLE_IDENTIFIER = "gideon.ios-learning.TodayExtension";
				PRODUCT_NAME = "$(TARGET_NAME)";
				SKIP_INSTALL = YES;
			};
			name = Debug;
		};
		F30449981E236F7900309E81 /* Release */ = {
			isa = XCBuildConfiguration;
			buildSettings = {
				DEVELOPMENT_TEAM = 8BWMP5PQDU;
				INFOPLIST_FILE = TodayExtension/Info.plist;
				IPHONEOS_DEPLOYMENT_TARGET = 10.1;
				LD_RUNPATH_SEARCH_PATHS = "$(inherited) @executable_path/Frameworks @executable_path/../../Frameworks";
				PRODUCT_BUNDLE_IDENTIFIER = "gideon.ios-learning.TodayExtension";
				PRODUCT_NAME = "$(TARGET_NAME)";
				SKIP_INSTALL = YES;
			};
			name = Release;
		};
		F39D9C281DDD548400B2100A /* Debug */ = {
			isa = XCBuildConfiguration;
			buildSettings = {
				ALWAYS_SEARCH_USER_PATHS = NO;
				CLANG_ANALYZER_NONNULL = YES;
				CLANG_CXX_LANGUAGE_STANDARD = "gnu++0x";
				CLANG_CXX_LIBRARY = "libc++";
				CLANG_ENABLE_MODULES = YES;
				CLANG_ENABLE_OBJC_ARC = YES;
				CLANG_WARN_BOOL_CONVERSION = YES;
				CLANG_WARN_CONSTANT_CONVERSION = YES;
				CLANG_WARN_DIRECT_OBJC_ISA_USAGE = YES_ERROR;
				CLANG_WARN_DOCUMENTATION_COMMENTS = YES;
				CLANG_WARN_EMPTY_BODY = YES;
				CLANG_WARN_ENUM_CONVERSION = YES;
				CLANG_WARN_INFINITE_RECURSION = YES;
				CLANG_WARN_INT_CONVERSION = YES;
				CLANG_WARN_OBJC_ROOT_CLASS = YES_ERROR;
				CLANG_WARN_SUSPICIOUS_MOVES = YES;
				CLANG_WARN_UNREACHABLE_CODE = YES;
				CLANG_WARN__DUPLICATE_METHOD_MATCH = YES;
				"CODE_SIGN_IDENTITY[sdk=iphoneos*]" = "iPhone Developer";
				COPY_PHASE_STRIP = NO;
				DEBUG_INFORMATION_FORMAT = dwarf;
				ENABLE_STRICT_OBJC_MSGSEND = YES;
				ENABLE_TESTABILITY = YES;
				GCC_C_LANGUAGE_STANDARD = gnu99;
				GCC_DYNAMIC_NO_PIC = NO;
				GCC_NO_COMMON_BLOCKS = YES;
				GCC_OPTIMIZATION_LEVEL = 0;
				GCC_PREPROCESSOR_DEFINITIONS = (
					"DEBUG=1",
					"$(inherited)",
				);
				GCC_WARN_64_TO_32_BIT_CONVERSION = YES;
				GCC_WARN_ABOUT_RETURN_TYPE = YES_ERROR;
				GCC_WARN_UNDECLARED_SELECTOR = YES;
				GCC_WARN_UNINITIALIZED_AUTOS = YES_AGGRESSIVE;
				GCC_WARN_UNUSED_FUNCTION = YES;
				GCC_WARN_UNUSED_VARIABLE = YES;
				IPHONEOS_DEPLOYMENT_TARGET = 8.1;
				MTL_ENABLE_DEBUG_INFO = YES;
				ONLY_ACTIVE_ARCH = YES;
				SDKROOT = iphoneos;
			};
			name = Debug;
		};
		F39D9C291DDD548400B2100A /* Release */ = {
			isa = XCBuildConfiguration;
			buildSettings = {
				ALWAYS_SEARCH_USER_PATHS = NO;
				CLANG_ANALYZER_NONNULL = YES;
				CLANG_CXX_LANGUAGE_STANDARD = "gnu++0x";
				CLANG_CXX_LIBRARY = "libc++";
				CLANG_ENABLE_MODULES = YES;
				CLANG_ENABLE_OBJC_ARC = YES;
				CLANG_WARN_BOOL_CONVERSION = YES;
				CLANG_WARN_CONSTANT_CONVERSION = YES;
				CLANG_WARN_DIRECT_OBJC_ISA_USAGE = YES_ERROR;
				CLANG_WARN_DOCUMENTATION_COMMENTS = YES;
				CLANG_WARN_EMPTY_BODY = YES;
				CLANG_WARN_ENUM_CONVERSION = YES;
				CLANG_WARN_INFINITE_RECURSION = YES;
				CLANG_WARN_INT_CONVERSION = YES;
				CLANG_WARN_OBJC_ROOT_CLASS = YES_ERROR;
				CLANG_WARN_SUSPICIOUS_MOVES = YES;
				CLANG_WARN_UNREACHABLE_CODE = YES;
				CLANG_WARN__DUPLICATE_METHOD_MATCH = YES;
				"CODE_SIGN_IDENTITY[sdk=iphoneos*]" = "iPhone Developer";
				COPY_PHASE_STRIP = NO;
				DEBUG_INFORMATION_FORMAT = "dwarf-with-dsym";
				ENABLE_NS_ASSERTIONS = NO;
				ENABLE_STRICT_OBJC_MSGSEND = YES;
				GCC_C_LANGUAGE_STANDARD = gnu99;
				GCC_NO_COMMON_BLOCKS = YES;
				GCC_WARN_64_TO_32_BIT_CONVERSION = YES;
				GCC_WARN_ABOUT_RETURN_TYPE = YES_ERROR;
				GCC_WARN_UNDECLARED_SELECTOR = YES;
				GCC_WARN_UNINITIALIZED_AUTOS = YES_AGGRESSIVE;
				GCC_WARN_UNUSED_FUNCTION = YES;
				GCC_WARN_UNUSED_VARIABLE = YES;
				IPHONEOS_DEPLOYMENT_TARGET = 8.1;
				MTL_ENABLE_DEBUG_INFO = NO;
				SDKROOT = iphoneos;
				VALIDATE_PRODUCT = YES;
			};
			name = Release;
		};
		F39D9C2B1DDD548400B2100A /* Debug */ = {
			isa = XCBuildConfiguration;
			buildSettings = {
				ASSETCATALOG_COMPILER_APPICON_NAME = AppIcon;
				DEVELOPMENT_TEAM = 8BWMP5PQDU;
				FRAMEWORK_SEARCH_PATHS = (
					"$(inherited)",
					"$(PROJECT_DIR)/ios_learning/RongCloud/sdk/IMKit",
					"$(PROJECT_DIR)/ios_learning/RongCloud/sdk/IMLib",
					"$(PROJECT_DIR)/ios_learning/RongCloud/sdk/RedPacket/AlipaySDK",
					"$(PROJECT_DIR)/ios_learning/RongCloud/sdk/RedPacket/JrmfIMLib",
					"$(PROJECT_DIR)/ios_learning/UMeng/UMSocial/SocialLibraries/QQ",
					"$(PROJECT_DIR)/ios_learning/UMeng/UMSocial/UMSocialSDK",
					"$(PROJECT_DIR)/ios_learning/UMeng/UMSocial/UMSocialUI",
					"$(PROJECT_DIR)/ios_learning/UMeng/UMAnalytics",
				);
				INFOPLIST_FILE = ios_learning/Info.plist;
				LD_RUNPATH_SEARCH_PATHS = "$(inherited) @executable_path/Frameworks";
				LIBRARY_SEARCH_PATHS = (
					"$(inherited)",
					"$(PROJECT_DIR)/ios_learning/RongCloud/sdk/IMLib",
					"$(PROJECT_DIR)/ios_learning/UMeng/UMSocial/SocialLibraries/QQ",
					"$(PROJECT_DIR)/ios_learning/UMeng/UMSocial/SocialLibraries/Sina",
					"$(PROJECT_DIR)/ios_learning/UMeng/UMSocial/SocialLibraries/WeChat",
				);
				OTHER_LDFLAGS = "-ObjC";
				PRODUCT_BUNDLE_IDENTIFIER = "gideon.ios-learning";
				PRODUCT_NAME = "$(TARGET_NAME)";
			};
			name = Debug;
		};
		F39D9C2C1DDD548400B2100A /* Release */ = {
			isa = XCBuildConfiguration;
			buildSettings = {
				ASSETCATALOG_COMPILER_APPICON_NAME = AppIcon;
				DEVELOPMENT_TEAM = 8BWMP5PQDU;
				FRAMEWORK_SEARCH_PATHS = (
					"$(inherited)",
					"$(PROJECT_DIR)/ios_learning/RongCloud/sdk/IMKit",
					"$(PROJECT_DIR)/ios_learning/RongCloud/sdk/IMLib",
					"$(PROJECT_DIR)/ios_learning/RongCloud/sdk/RedPacket/AlipaySDK",
					"$(PROJECT_DIR)/ios_learning/RongCloud/sdk/RedPacket/JrmfIMLib",
					"$(PROJECT_DIR)/ios_learning/UMeng/UMSocial/SocialLibraries/QQ",
					"$(PROJECT_DIR)/ios_learning/UMeng/UMSocial/UMSocialSDK",
					"$(PROJECT_DIR)/ios_learning/UMeng/UMSocial/UMSocialUI",
					"$(PROJECT_DIR)/ios_learning/UMeng/UMAnalytics",
				);
				INFOPLIST_FILE = ios_learning/Info.plist;
				LD_RUNPATH_SEARCH_PATHS = "$(inherited) @executable_path/Frameworks";
				LIBRARY_SEARCH_PATHS = (
					"$(inherited)",
					"$(PROJECT_DIR)/ios_learning/RongCloud/sdk/IMLib",
					"$(PROJECT_DIR)/ios_learning/UMeng/UMSocial/SocialLibraries/QQ",
					"$(PROJECT_DIR)/ios_learning/UMeng/UMSocial/SocialLibraries/Sina",
					"$(PROJECT_DIR)/ios_learning/UMeng/UMSocial/SocialLibraries/WeChat",
				);
				OTHER_LDFLAGS = "-ObjC";
				PRODUCT_BUNDLE_IDENTIFIER = "gideon.ios-learning";
				PRODUCT_NAME = "$(TARGET_NAME)";
			};
			name = Release;
		};
/* End XCBuildConfiguration section */

/* Begin XCConfigurationList section */
		F30449991E236F7900309E81 /* Build configuration list for PBXNativeTarget "TodayExtension" */ = {
			isa = XCConfigurationList;
			buildConfigurations = (
				F30449971E236F7900309E81 /* Debug */,
				F30449981E236F7900309E81 /* Release */,
			);
			defaultConfigurationIsVisible = 0;
			defaultConfigurationName = Release;
		};
		F39D9C0E1DDD548300B2100A /* Build configuration list for PBXProject "ios_learning" */ = {
			isa = XCConfigurationList;
			buildConfigurations = (
				F39D9C281DDD548400B2100A /* Debug */,
				F39D9C291DDD548400B2100A /* Release */,
			);
			defaultConfigurationIsVisible = 0;
			defaultConfigurationName = Release;
		};
		F39D9C2A1DDD548400B2100A /* Build configuration list for PBXNativeTarget "ios_learning" */ = {
			isa = XCConfigurationList;
			buildConfigurations = (
				F39D9C2B1DDD548400B2100A /* Debug */,
				F39D9C2C1DDD548400B2100A /* Release */,
			);
			defaultConfigurationIsVisible = 0;
			defaultConfigurationName = Release;
		};
/* End XCConfigurationList section */
	};
	rootObject = F39D9C0B1DDD548300B2100A /* Project object */;
}
