// !$*UTF8*$!
{
	archiveVersion = 1;
	classes = {
	};
	objectVersion = 46;
	objects = {

/* Begin PBXBuildFile section */
		F39D9C181DDD548300B2100A /* main.m in Sources */ = {isa = PBXBuildFile; fileRef = F39D9C171DDD548300B2100A /* main.m */; };
		F39D9C1B1DDD548300B2100A /* AppDelegate.m in Sources */ = {isa = PBXBuildFile; fileRef = F39D9C1A1DDD548300B2100A /* AppDelegate.m */; };
		F39D9C1E1DDD548300B2100A /* ViewController.m in Sources */ = {isa = PBXBuildFile; fileRef = F39D9C1D1DDD548300B2100A /* ViewController.m */; };
		F39D9C231DDD548400B2100A /* Assets.xcassets in Resources */ = {isa = PBXBuildFile; fileRef = F39D9C221DDD548400B2100A /* Assets.xcassets */; };
		F39D9C261DDD548400B2100A /* LaunchScreen.storyboard in Resources */ = {isa = PBXBuildFile; fileRef = F39D9C241DDD548400B2100A /* LaunchScreen.storyboard */; };
		F39D9C311DDD550300B2100A /* TouchIdController.m in Sources */ = {isa = PBXBuildFile; fileRef = F39D9C2F1DDD550300B2100A /* TouchIdController.m */; };
		F39D9C321DDD550300B2100A /* TouchIdController.xib in Resources */ = {isa = PBXBuildFile; fileRef = F39D9C301DDD550300B2100A /* TouchIdController.xib */; };
		F39D9C341DDD557300B2100A /* ViewController.xib in Resources */ = {isa = PBXBuildFile; fileRef = F39D9C331DDD557300B2100A /* ViewController.xib */; };
		F3CBD67D1DEED20200B1ECAA /* AssetsLibrary.framework in Frameworks */ = {isa = PBXBuildFile; fileRef = F3CBD67C1DEED20200B1ECAA /* AssetsLibrary.framework */; };
		F3CBD67F1DEED20B00B1ECAA /* AudioToolbox.framework in Frameworks */ = {isa = PBXBuildFile; fileRef = F3CBD67E1DEED20B00B1ECAA /* AudioToolbox.framework */; };
		F3CBD6811DEED21200B1ECAA /* AVFoundation.framework in Frameworks */ = {isa = PBXBuildFile; fileRef = F3CBD6801DEED21200B1ECAA /* AVFoundation.framework */; };
		F3CBD6831DEED21900B1ECAA /* CFNetwork.framework in Frameworks */ = {isa = PBXBuildFile; fileRef = F3CBD6821DEED21900B1ECAA /* CFNetwork.framework */; };
		F3CBD6851DEED22500B1ECAA /* CoreAudio.framework in Frameworks */ = {isa = PBXBuildFile; fileRef = F3CBD6841DEED22500B1ECAA /* CoreAudio.framework */; };
		F3CBD6871DEED22C00B1ECAA /* CoreGraphics.framework in Frameworks */ = {isa = PBXBuildFile; fileRef = F3CBD6861DEED22B00B1ECAA /* CoreGraphics.framework */; };
		F3CBD6891DEED23300B1ECAA /* CoreLocation.framework in Frameworks */ = {isa = PBXBuildFile; fileRef = F3CBD6881DEED23300B1ECAA /* CoreLocation.framework */; };
		F3CBD68B1DEED23C00B1ECAA /* CoreMedia.framework in Frameworks */ = {isa = PBXBuildFile; fileRef = F3CBD68A1DEED23C00B1ECAA /* CoreMedia.framework */; };
		F3CBD68D1DEED24800B1ECAA /* CoreTelephony.framework in Frameworks */ = {isa = PBXBuildFile; fileRef = F3CBD68C1DEED24800B1ECAA /* CoreTelephony.framework */; };
		F3CBD68F1DEED24F00B1ECAA /* CoreVideo.framework in Frameworks */ = {isa = PBXBuildFile; fileRef = F3CBD68E1DEED24F00B1ECAA /* CoreVideo.framework */; };
		F3CBD6911DEED25700B1ECAA /* ImageIO.framework in Frameworks */ = {isa = PBXBuildFile; fileRef = F3CBD6901DEED25700B1ECAA /* ImageIO.framework */; };
		F3CBD6931DEED26700B1ECAA /* libc++.tbd in Frameworks */ = {isa = PBXBuildFile; fileRef = F3CBD6921DEED26700B1ECAA /* libc++.tbd */; };
		F3CBD6951DEED27000B1ECAA /* libc++abi.tbd in Frameworks */ = {isa = PBXBuildFile; fileRef = F3CBD6941DEED27000B1ECAA /* libc++abi.tbd */; };
		F3CBD6971DEED27D00B1ECAA /* libsqlite3.tbd in Frameworks */ = {isa = PBXBuildFile; fileRef = F3CBD6961DEED27D00B1ECAA /* libsqlite3.tbd */; };
		F3CBD6991DEED28900B1ECAA /* libstdc++.tbd in Frameworks */ = {isa = PBXBuildFile; fileRef = F3CBD6981DEED28900B1ECAA /* libstdc++.tbd */; };
		F3CBD69B1DEED29300B1ECAA /* libxml2.tbd in Frameworks */ = {isa = PBXBuildFile; fileRef = F3CBD69A1DEED29300B1ECAA /* libxml2.tbd */; };
		F3CBD69D1DEED29D00B1ECAA /* libz.tbd in Frameworks */ = {isa = PBXBuildFile; fileRef = F3CBD69C1DEED29D00B1ECAA /* libz.tbd */; };
		F3CBD69F1DEED2A400B1ECAA /* MapKit.framework in Frameworks */ = {isa = PBXBuildFile; fileRef = F3CBD69E1DEED2A400B1ECAA /* MapKit.framework */; };
		F3CBD6A11DEED2AC00B1ECAA /* OpenGLES.framework in Frameworks */ = {isa = PBXBuildFile; fileRef = F3CBD6A01DEED2AC00B1ECAA /* OpenGLES.framework */; };
		F3CBD6A31DEED2B800B1ECAA /* QuartzCore.framework in Frameworks */ = {isa = PBXBuildFile; fileRef = F3CBD6A21DEED2B800B1ECAA /* QuartzCore.framework */; };
		F3CBD6A51DEED2C200B1ECAA /* SystemConfiguration.framework in Frameworks */ = {isa = PBXBuildFile; fileRef = F3CBD6A41DEED2C100B1ECAA /* SystemConfiguration.framework */; };
		F3CBD6A71DEED2C900B1ECAA /* UIKit.framework in Frameworks */ = {isa = PBXBuildFile; fileRef = F3CBD6A61DEED2C900B1ECAA /* UIKit.framework */; };
		F3CBD6A91DEED2D200B1ECAA /* Photos.framework in Frameworks */ = {isa = PBXBuildFile; fileRef = F3CBD6A81DEED2D200B1ECAA /* Photos.framework */; };
		F3CBD6AB1DEED2D900B1ECAA /* SafariServices.framework in Frameworks */ = {isa = PBXBuildFile; fileRef = F3CBD6AA1DEED2D900B1ECAA /* SafariServices.framework */; };
		F3CBD6AF1DEED3C500B1ECAA /* GQChatListController.m in Sources */ = {isa = PBXBuildFile; fileRef = F3CBD6AE1DEED3C500B1ECAA /* GQChatListController.m */; };
		F3CBD6B71DEED85F00B1ECAA /* Emoji.plist in Resources */ = {isa = PBXBuildFile; fileRef = F3CBD6B11DEED85F00B1ECAA /* Emoji.plist */; };
		F3CBD6B81DEED85F00B1ECAA /* RongCloudKit.strings in Resources */ = {isa = PBXBuildFile; fileRef = F3CBD6B21DEED85F00B1ECAA /* RongCloudKit.strings */; };
		F3CBD6B91DEED85F00B1ECAA /* RongCloud.bundle in Resources */ = {isa = PBXBuildFile; fileRef = F3CBD6B41DEED85F00B1ECAA /* RongCloud.bundle */; };
		F3CBD6BA1DEED85F00B1ECAA /* RongIMKit.framework in Frameworks */ = {isa = PBXBuildFile; fileRef = F3CBD6B51DEED85F00B1ECAA /* RongIMKit.framework */; };
		F3CBD6BF1DEED8B400B1ECAA /* libopencore-amrnb.a in Frameworks */ = {isa = PBXBuildFile; fileRef = F3CBD6BC1DEED8B400B1ECAA /* libopencore-amrnb.a */; };
		F3CBD6C01DEED8B400B1ECAA /* RCConfig.plist in Resources */ = {isa = PBXBuildFile; fileRef = F3CBD6BD1DEED8B400B1ECAA /* RCConfig.plist */; };
		F3CBD6C11DEED8B400B1ECAA /* RongIMLib.framework in Frameworks */ = {isa = PBXBuildFile; fileRef = F3CBD6BE1DEED8B400B1ECAA /* RongIMLib.framework */; };
		F3CBD6C51DEED94D00B1ECAA /* GQChatController.m in Sources */ = {isa = PBXBuildFile; fileRef = F3CBD6C41DEED94D00B1ECAA /* GQChatController.m */; };
		F3CBD6C81DEEF46E00B1ECAA /* GQUserInfoDataSource.m in Sources */ = {isa = PBXBuildFile; fileRef = F3CBD6C71DEEF46E00B1ECAA /* GQUserInfoDataSource.m */; };
		F3CBD70C1DF00EF200B1ECAA /* AlipaySDK.bundle in Resources */ = {isa = PBXBuildFile; fileRef = F3CBD7031DF00EF200B1ECAA /* AlipaySDK.bundle */; };
		F3CBD70D1DF00EF200B1ECAA /* AlipaySDK.framework in Frameworks */ = {isa = PBXBuildFile; fileRef = F3CBD7041DF00EF200B1ECAA /* AlipaySDK.framework */; };
		F3CBD70E1DF00EF200B1ECAA /* JrmfInfo.strings in Resources */ = {isa = PBXBuildFile; fileRef = F3CBD7061DF00EF200B1ECAA /* JrmfInfo.strings */; };
		F3CBD70F1DF00EF200B1ECAA /* JResource.bundle in Resources */ = {isa = PBXBuildFile; fileRef = F3CBD7081DF00EF200B1ECAA /* JResource.bundle */; };
		F3CBD7101DF00EF200B1ECAA /* JrmfPacketKit.framework in Frameworks */ = {isa = PBXBuildFile; fileRef = F3CBD7091DF00EF200B1ECAA /* JrmfPacketKit.framework */; };
		F3CBD7111DF00EF200B1ECAA /* JYangToolKit.framework in Frameworks */ = {isa = PBXBuildFile; fileRef = F3CBD70A1DF00EF200B1ECAA /* JYangToolKit.framework */; };
		F3CBD7131DF010D200B1ECAA /* CoreText.framework in Frameworks */ = {isa = PBXBuildFile; fileRef = F3CBD7121DF010D200B1ECAA /* CoreText.framework */; };
		F3CBD7151DF010E700B1ECAA /* Foundation.framework in Frameworks */ = {isa = PBXBuildFile; fileRef = F3CBD7141DF010E700B1ECAA /* Foundation.framework */; };
		F3CBD7171DF010F200B1ECAA /* CoreMotion.framework in Frameworks */ = {isa = PBXBuildFile; fileRef = F3CBD7161DF010F200B1ECAA /* CoreMotion.framework */; };
		F3CBD7801DF1746A00B1ECAA /* QRCodeController.m in Sources */ = {isa = PBXBuildFile; fileRef = F3CBD77F1DF1746A00B1ECAA /* QRCodeController.m */; };
/* End PBXBuildFile section */

/* Begin PBXFileReference section */
		F39D9C131DDD548300B2100A /* ios_learning.app */ = {isa = PBXFileReference; explicitFileType = wrapper.application; includeInIndex = 0; path = ios_learning.app; sourceTree = BUILT_PRODUCTS_DIR; };
		F39D9C171DDD548300B2100A /* main.m */ = {isa = PBXFileReference; lastKnownFileType = sourcecode.c.objc; path = main.m; sourceTree = "<group>"; };
		F39D9C191DDD548300B2100A /* AppDelegate.h */ = {isa = PBXFileReference; lastKnownFileType = sourcecode.c.h; path = AppDelegate.h; sourceTree = "<group>"; };
		F39D9C1A1DDD548300B2100A /* AppDelegate.m */ = {isa = PBXFileReference; lastKnownFileType = sourcecode.c.objc; path = AppDelegate.m; sourceTree = "<group>"; };
		F39D9C1C1DDD548300B2100A /* ViewController.h */ = {isa = PBXFileReference; lastKnownFileType = sourcecode.c.h; path = ViewController.h; sourceTree = "<group>"; };
		F39D9C1D1DDD548300B2100A /* ViewController.m */ = {isa = PBXFileReference; lastKnownFileType = sourcecode.c.objc; path = ViewController.m; sourceTree = "<group>"; };
		F39D9C221DDD548400B2100A /* Assets.xcassets */ = {isa = PBXFileReference; lastKnownFileType = folder.assetcatalog; path = Assets.xcassets; sourceTree = "<group>"; };
		F39D9C251DDD548400B2100A /* Base */ = {isa = PBXFileReference; lastKnownFileType = file.storyboard; name = Base; path = Base.lproj/LaunchScreen.storyboard; sourceTree = "<group>"; };
		F39D9C271DDD548400B2100A /* Info.plist */ = {isa = PBXFileReference; lastKnownFileType = text.plist.xml; path = Info.plist; sourceTree = "<group>"; };
		F39D9C2E1DDD550300B2100A /* TouchIdController.h */ = {isa = PBXFileReference; fileEncoding = 4; lastKnownFileType = sourcecode.c.h; path = TouchIdController.h; sourceTree = "<group>"; };
		F39D9C2F1DDD550300B2100A /* TouchIdController.m */ = {isa = PBXFileReference; fileEncoding = 4; lastKnownFileType = sourcecode.c.objc; path = TouchIdController.m; sourceTree = "<group>"; };
		F39D9C301DDD550300B2100A /* TouchIdController.xib */ = {isa = PBXFileReference; fileEncoding = 4; lastKnownFileType = file.xib; path = TouchIdController.xib; sourceTree = "<group>"; };
		F39D9C331DDD557300B2100A /* ViewController.xib */ = {isa = PBXFileReference; fileEncoding = 4; lastKnownFileType = file.xib; path = ViewController.xib; sourceTree = "<group>"; };
		F3CBD67C1DEED20200B1ECAA /* AssetsLibrary.framework */ = {isa = PBXFileReference; lastKnownFileType = wrapper.framework; name = AssetsLibrary.framework; path = System/Library/Frameworks/AssetsLibrary.framework; sourceTree = SDKROOT; };
		F3CBD67E1DEED20B00B1ECAA /* AudioToolbox.framework */ = {isa = PBXFileReference; lastKnownFileType = wrapper.framework; name = AudioToolbox.framework; path = System/Library/Frameworks/AudioToolbox.framework; sourceTree = SDKROOT; };
		F3CBD6801DEED21200B1ECAA /* AVFoundation.framework */ = {isa = PBXFileReference; lastKnownFileType = wrapper.framework; name = AVFoundation.framework; path = System/Library/Frameworks/AVFoundation.framework; sourceTree = SDKROOT; };
		F3CBD6821DEED21900B1ECAA /* CFNetwork.framework */ = {isa = PBXFileReference; lastKnownFileType = wrapper.framework; name = CFNetwork.framework; path = System/Library/Frameworks/CFNetwork.framework; sourceTree = SDKROOT; };
		F3CBD6841DEED22500B1ECAA /* CoreAudio.framework */ = {isa = PBXFileReference; lastKnownFileType = wrapper.framework; name = CoreAudio.framework; path = System/Library/Frameworks/CoreAudio.framework; sourceTree = SDKROOT; };
		F3CBD6861DEED22B00B1ECAA /* CoreGraphics.framework */ = {isa = PBXFileReference; lastKnownFileType = wrapper.framework; name = CoreGraphics.framework; path = System/Library/Frameworks/CoreGraphics.framework; sourceTree = SDKROOT; };
		F3CBD6881DEED23300B1ECAA /* CoreLocation.framework */ = {isa = PBXFileReference; lastKnownFileType = wrapper.framework; name = CoreLocation.framework; path = System/Library/Frameworks/CoreLocation.framework; sourceTree = SDKROOT; };
		F3CBD68A1DEED23C00B1ECAA /* CoreMedia.framework */ = {isa = PBXFileReference; lastKnownFileType = wrapper.framework; name = CoreMedia.framework; path = System/Library/Frameworks/CoreMedia.framework; sourceTree = SDKROOT; };
		F3CBD68C1DEED24800B1ECAA /* CoreTelephony.framework */ = {isa = PBXFileReference; lastKnownFileType = wrapper.framework; name = CoreTelephony.framework; path = System/Library/Frameworks/CoreTelephony.framework; sourceTree = SDKROOT; };
		F3CBD68E1DEED24F00B1ECAA /* CoreVideo.framework */ = {isa = PBXFileReference; lastKnownFileType = wrapper.framework; name = CoreVideo.framework; path = System/Library/Frameworks/CoreVideo.framework; sourceTree = SDKROOT; };
		F3CBD6901DEED25700B1ECAA /* ImageIO.framework */ = {isa = PBXFileReference; lastKnownFileType = wrapper.framework; name = ImageIO.framework; path = System/Library/Frameworks/ImageIO.framework; sourceTree = SDKROOT; };
		F3CBD6921DEED26700B1ECAA /* libc++.tbd */ = {isa = PBXFileReference; lastKnownFileType = "sourcecode.text-based-dylib-definition"; name = "libc++.tbd"; path = "usr/lib/libc++.tbd"; sourceTree = SDKROOT; };
		F3CBD6941DEED27000B1ECAA /* libc++abi.tbd */ = {isa = PBXFileReference; lastKnownFileType = "sourcecode.text-based-dylib-definition"; name = "libc++abi.tbd"; path = "usr/lib/libc++abi.tbd"; sourceTree = SDKROOT; };
		F3CBD6961DEED27D00B1ECAA /* libsqlite3.tbd */ = {isa = PBXFileReference; lastKnownFileType = "sourcecode.text-based-dylib-definition"; name = libsqlite3.tbd; path = usr/lib/libsqlite3.tbd; sourceTree = SDKROOT; };
		F3CBD6981DEED28900B1ECAA /* libstdc++.tbd */ = {isa = PBXFileReference; lastKnownFileType = "sourcecode.text-based-dylib-definition"; name = "libstdc++.tbd"; path = "usr/lib/libstdc++.tbd"; sourceTree = SDKROOT; };
		F3CBD69A1DEED29300B1ECAA /* libxml2.tbd */ = {isa = PBXFileReference; lastKnownFileType = "sourcecode.text-based-dylib-definition"; name = libxml2.tbd; path = usr/lib/libxml2.tbd; sourceTree = SDKROOT; };
		F3CBD69C1DEED29D00B1ECAA /* libz.tbd */ = {isa = PBXFileReference; lastKnownFileType = "sourcecode.text-based-dylib-definition"; name = libz.tbd; path = usr/lib/libz.tbd; sourceTree = SDKROOT; };
		F3CBD69E1DEED2A400B1ECAA /* MapKit.framework */ = {isa = PBXFileReference; lastKnownFileType = wrapper.framework; name = MapKit.framework; path = System/Library/Frameworks/MapKit.framework; sourceTree = SDKROOT; };
		F3CBD6A01DEED2AC00B1ECAA /* OpenGLES.framework */ = {isa = PBXFileReference; lastKnownFileType = wrapper.framework; name = OpenGLES.framework; path = System/Library/Frameworks/OpenGLES.framework; sourceTree = SDKROOT; };
		F3CBD6A21DEED2B800B1ECAA /* QuartzCore.framework */ = {isa = PBXFileReference; lastKnownFileType = wrapper.framework; name = QuartzCore.framework; path = System/Library/Frameworks/QuartzCore.framework; sourceTree = SDKROOT; };
		F3CBD6A41DEED2C100B1ECAA /* SystemConfiguration.framework */ = {isa = PBXFileReference; lastKnownFileType = wrapper.framework; name = SystemConfiguration.framework; path = System/Library/Frameworks/SystemConfiguration.framework; sourceTree = SDKROOT; };
		F3CBD6A61DEED2C900B1ECAA /* UIKit.framework */ = {isa = PBXFileReference; lastKnownFileType = wrapper.framework; name = UIKit.framework; path = System/Library/Frameworks/UIKit.framework; sourceTree = SDKROOT; };
		F3CBD6A81DEED2D200B1ECAA /* Photos.framework */ = {isa = PBXFileReference; lastKnownFileType = wrapper.framework; name = Photos.framework; path = System/Library/Frameworks/Photos.framework; sourceTree = SDKROOT; };
		F3CBD6AA1DEED2D900B1ECAA /* SafariServices.framework */ = {isa = PBXFileReference; lastKnownFileType = wrapper.framework; name = SafariServices.framework; path = System/Library/Frameworks/SafariServices.framework; sourceTree = SDKROOT; };
		F3CBD6AD1DEED3C500B1ECAA /* GQChatListController.h */ = {isa = PBXFileReference; fileEncoding = 4; lastKnownFileType = sourcecode.c.h; path = GQChatListController.h; sourceTree = "<group>"; };
		F3CBD6AE1DEED3C500B1ECAA /* GQChatListController.m */ = {isa = PBXFileReference; fileEncoding = 4; lastKnownFileType = sourcecode.c.objc; path = GQChatListController.m; sourceTree = "<group>"; };
		F3CBD6B11DEED85F00B1ECAA /* Emoji.plist */ = {isa = PBXFileReference; fileEncoding = 4; lastKnownFileType = text.plist.xml; path = Emoji.plist; sourceTree = "<group>"; };
		F3CBD6B31DEED85F00B1ECAA /* en */ = {isa = PBXFileReference; lastKnownFileType = text.plist.strings; name = en; path = en.lproj/RongCloudKit.strings; sourceTree = "<group>"; };
		F3CBD6B41DEED85F00B1ECAA /* RongCloud.bundle */ = {isa = PBXFileReference; lastKnownFileType = "wrapper.plug-in"; path = RongCloud.bundle; sourceTree = "<group>"; };
		F3CBD6B51DEED85F00B1ECAA /* RongIMKit.framework */ = {isa = PBXFileReference; lastKnownFileType = wrapper.framework; path = RongIMKit.framework; sourceTree = "<group>"; };
		F3CBD6B61DEED85F00B1ECAA /* zh-Hans */ = {isa = PBXFileReference; lastKnownFileType = text.plist.strings; name = "zh-Hans"; path = "zh-Hans.lproj/RongCloudKit.strings"; sourceTree = "<group>"; };
		F3CBD6BC1DEED8B400B1ECAA /* libopencore-amrnb.a */ = {isa = PBXFileReference; lastKnownFileType = archive.ar; path = "libopencore-amrnb.a"; sourceTree = "<group>"; };
		F3CBD6BD1DEED8B400B1ECAA /* RCConfig.plist */ = {isa = PBXFileReference; fileEncoding = 4; lastKnownFileType = text.plist.xml; path = RCConfig.plist; sourceTree = "<group>"; };
		F3CBD6BE1DEED8B400B1ECAA /* RongIMLib.framework */ = {isa = PBXFileReference; lastKnownFileType = wrapper.framework; path = RongIMLib.framework; sourceTree = "<group>"; };
		F3CBD6C31DEED94D00B1ECAA /* GQChatController.h */ = {isa = PBXFileReference; fileEncoding = 4; lastKnownFileType = sourcecode.c.h; path = GQChatController.h; sourceTree = "<group>"; };
		F3CBD6C41DEED94D00B1ECAA /* GQChatController.m */ = {isa = PBXFileReference; fileEncoding = 4; lastKnownFileType = sourcecode.c.objc; path = GQChatController.m; sourceTree = "<group>"; };
		F3CBD6C61DEEF46E00B1ECAA /* GQUserInfoDataSource.h */ = {isa = PBXFileReference; fileEncoding = 4; lastKnownFileType = sourcecode.c.h; path = GQUserInfoDataSource.h; sourceTree = "<group>"; };
		F3CBD6C71DEEF46E00B1ECAA /* GQUserInfoDataSource.m */ = {isa = PBXFileReference; fileEncoding = 4; lastKnownFileType = sourcecode.c.objc; path = GQUserInfoDataSource.m; sourceTree = "<group>"; };
		F3CBD7031DF00EF200B1ECAA /* AlipaySDK.bundle */ = {isa = PBXFileReference; lastKnownFileType = "wrapper.plug-in"; path = AlipaySDK.bundle; sourceTree = "<group>"; };
		F3CBD7041DF00EF200B1ECAA /* AlipaySDK.framework */ = {isa = PBXFileReference; lastKnownFileType = wrapper.framework; path = AlipaySDK.framework; sourceTree = "<group>"; };
		F3CBD7071DF00EF200B1ECAA /* en */ = {isa = PBXFileReference; lastKnownFileType = text.plist.strings; name = en; path = en.lproj/JrmfInfo.strings; sourceTree = "<group>"; };
		F3CBD7081DF00EF200B1ECAA /* JResource.bundle */ = {isa = PBXFileReference; lastKnownFileType = "wrapper.plug-in"; path = JResource.bundle; sourceTree = "<group>"; };
		F3CBD7091DF00EF200B1ECAA /* JrmfPacketKit.framework */ = {isa = PBXFileReference; lastKnownFileType = wrapper.framework; path = JrmfPacketKit.framework; sourceTree = "<group>"; };
		F3CBD70A1DF00EF200B1ECAA /* JYangToolKit.framework */ = {isa = PBXFileReference; lastKnownFileType = wrapper.framework; path = JYangToolKit.framework; sourceTree = "<group>"; };
		F3CBD70B1DF00EF200B1ECAA /* zh-Hans */ = {isa = PBXFileReference; lastKnownFileType = text.plist.strings; name = "zh-Hans"; path = "zh-Hans.lproj/JrmfInfo.strings"; sourceTree = "<group>"; };
		F3CBD7121DF010D200B1ECAA /* CoreText.framework */ = {isa = PBXFileReference; lastKnownFileType = wrapper.framework; name = CoreText.framework; path = System/Library/Frameworks/CoreText.framework; sourceTree = SDKROOT; };
		F3CBD7141DF010E700B1ECAA /* Foundation.framework */ = {isa = PBXFileReference; lastKnownFileType = wrapper.framework; name = Foundation.framework; path = System/Library/Frameworks/Foundation.framework; sourceTree = SDKROOT; };
		F3CBD7161DF010F200B1ECAA /* CoreMotion.framework */ = {isa = PBXFileReference; lastKnownFileType = wrapper.framework; name = CoreMotion.framework; path = System/Library/Frameworks/CoreMotion.framework; sourceTree = SDKROOT; };
		F3CBD77E1DF1746A00B1ECAA /* QRCodeController.h */ = {isa = PBXFileReference; fileEncoding = 4; lastKnownFileType = sourcecode.c.h; path = QRCodeController.h; sourceTree = "<group>"; };
		F3CBD77F1DF1746A00B1ECAA /* QRCodeController.m */ = {isa = PBXFileReference; fileEncoding = 4; lastKnownFileType = sourcecode.c.objc; path = QRCodeController.m; sourceTree = "<group>"; };
/* End PBXFileReference section */

/* Begin PBXFrameworksBuildPhase section */
		F39D9C101DDD548300B2100A /* Frameworks */ = {
			isa = PBXFrameworksBuildPhase;
			buildActionMask = 2147483647;
			files = (
				F3CBD7171DF010F200B1ECAA /* CoreMotion.framework in Frameworks */,
				F3CBD7151DF010E700B1ECAA /* Foundation.framework in Frameworks */,
				F3CBD7131DF010D200B1ECAA /* CoreText.framework in Frameworks */,
				F3CBD6AB1DEED2D900B1ECAA /* SafariServices.framework in Frameworks */,
				F3CBD6A91DEED2D200B1ECAA /* Photos.framework in Frameworks */,
				F3CBD6A71DEED2C900B1ECAA /* UIKit.framework in Frameworks */,
				F3CBD6A51DEED2C200B1ECAA /* SystemConfiguration.framework in Frameworks */,
				F3CBD6A31DEED2B800B1ECAA /* QuartzCore.framework in Frameworks */,
				F3CBD6A11DEED2AC00B1ECAA /* OpenGLES.framework in Frameworks */,
				F3CBD69F1DEED2A400B1ECAA /* MapKit.framework in Frameworks */,
				F3CBD69D1DEED29D00B1ECAA /* libz.tbd in Frameworks */,
				F3CBD69B1DEED29300B1ECAA /* libxml2.tbd in Frameworks */,
				F3CBD6BF1DEED8B400B1ECAA /* libopencore-amrnb.a in Frameworks */,
				F3CBD6991DEED28900B1ECAA /* libstdc++.tbd in Frameworks */,
				F3CBD6971DEED27D00B1ECAA /* libsqlite3.tbd in Frameworks */,
				F3CBD6951DEED27000B1ECAA /* libc++abi.tbd in Frameworks */,
				F3CBD6931DEED26700B1ECAA /* libc++.tbd in Frameworks */,
				F3CBD6911DEED25700B1ECAA /* ImageIO.framework in Frameworks */,
				F3CBD6BA1DEED85F00B1ECAA /* RongIMKit.framework in Frameworks */,
				F3CBD7101DF00EF200B1ECAA /* JrmfPacketKit.framework in Frameworks */,
				F3CBD68F1DEED24F00B1ECAA /* CoreVideo.framework in Frameworks */,
				F3CBD68D1DEED24800B1ECAA /* CoreTelephony.framework in Frameworks */,
				F3CBD68B1DEED23C00B1ECAA /* CoreMedia.framework in Frameworks */,
				F3CBD6891DEED23300B1ECAA /* CoreLocation.framework in Frameworks */,
				F3CBD6871DEED22C00B1ECAA /* CoreGraphics.framework in Frameworks */,
				F3CBD70D1DF00EF200B1ECAA /* AlipaySDK.framework in Frameworks */,
				F3CBD6851DEED22500B1ECAA /* CoreAudio.framework in Frameworks */,
				F3CBD6C11DEED8B400B1ECAA /* RongIMLib.framework in Frameworks */,
				F3CBD6831DEED21900B1ECAA /* CFNetwork.framework in Frameworks */,
				F3CBD6811DEED21200B1ECAA /* AVFoundation.framework in Frameworks */,
				F3CBD67F1DEED20B00B1ECAA /* AudioToolbox.framework in Frameworks */,
				F3CBD67D1DEED20200B1ECAA /* AssetsLibrary.framework in Frameworks */,
				F3CBD7111DF00EF200B1ECAA /* JYangToolKit.framework in Frameworks */,
			);
			runOnlyForDeploymentPostprocessing = 0;
		};
/* End PBXFrameworksBuildPhase section */

/* Begin PBXGroup section */
		F39D9C0A1DDD548300B2100A = {
			isa = PBXGroup;
			children = (
				F39D9C151DDD548300B2100A /* ios_learning */,
				F39D9C141DDD548300B2100A /* Products */,
				F3CBD67B1DEED20200B1ECAA /* Frameworks */,
			);
			sourceTree = "<group>";
		};
		F39D9C141DDD548300B2100A /* Products */ = {
			isa = PBXGroup;
			children = (
				F39D9C131DDD548300B2100A /* ios_learning.app */,
			);
			name = Products;
			sourceTree = "<group>";
		};
		F39D9C151DDD548300B2100A /* ios_learning */ = {
			isa = PBXGroup;
			children = (
				F3CBD77D1DF1745400B1ECAA /* QRCodeController */,
				F3CBD66E1DEED1D500B1ECAA /* RongCloud */,
				F39D9C2D1DDD550300B2100A /* TouchIdController */,
				F39D9C191DDD548300B2100A /* AppDelegate.h */,
				F39D9C1A1DDD548300B2100A /* AppDelegate.m */,
				F39D9C1C1DDD548300B2100A /* ViewController.h */,
				F39D9C1D1DDD548300B2100A /* ViewController.m */,
				F39D9C331DDD557300B2100A /* ViewController.xib */,
				F39D9C221DDD548400B2100A /* Assets.xcassets */,
				F39D9C241DDD548400B2100A /* LaunchScreen.storyboard */,
				F39D9C271DDD548400B2100A /* Info.plist */,
				F39D9C161DDD548300B2100A /* Supporting Files */,
			);
			path = ios_learning;
			sourceTree = "<group>";
		};
		F39D9C161DDD548300B2100A /* Supporting Files */ = {
			isa = PBXGroup;
			children = (
				F39D9C171DDD548300B2100A /* main.m */,
			);
			name = "Supporting Files";
			sourceTree = "<group>";
		};
		F39D9C2D1DDD550300B2100A /* TouchIdController */ = {
			isa = PBXGroup;
			children = (
				F39D9C2E1DDD550300B2100A /* TouchIdController.h */,
				F39D9C2F1DDD550300B2100A /* TouchIdController.m */,
				F39D9C301DDD550300B2100A /* TouchIdController.xib */,
			);
			path = TouchIdController;
			sourceTree = "<group>";
		};
		F3CBD66E1DEED1D500B1ECAA /* RongCloud */ = {
			isa = PBXGroup;
			children = (
				F3CBD6C21DEED93800B1ECAA /* GQChatController */,
				F3CBD6AC1DEED3A000B1ECAA /* GQChatListController */,
				F3CBD66F1DEED1D500B1ECAA /* sdk */,
			);
			path = RongCloud;
			sourceTree = "<group>";
		};
		F3CBD66F1DEED1D500B1ECAA /* sdk */ = {
			isa = PBXGroup;
			children = (
				F3CBD7011DF00EF200B1ECAA /* RedPacket */,
				F3CBD6BB1DEED8B400B1ECAA /* IMLib */,
				F3CBD6B01DEED85F00B1ECAA /* IMKit */,
			);
			path = sdk;
			sourceTree = "<group>";
		};
		F3CBD67B1DEED20200B1ECAA /* Frameworks */ = {
			isa = PBXGroup;
			children = (
				F3CBD7161DF010F200B1ECAA /* CoreMotion.framework */,
				F3CBD7141DF010E700B1ECAA /* Foundation.framework */,
				F3CBD7121DF010D200B1ECAA /* CoreText.framework */,
				F3CBD6AA1DEED2D900B1ECAA /* SafariServices.framework */,
				F3CBD6A81DEED2D200B1ECAA /* Photos.framework */,
				F3CBD6A61DEED2C900B1ECAA /* UIKit.framework */,
				F3CBD6A41DEED2C100B1ECAA /* SystemConfiguration.framework */,
				F3CBD6A21DEED2B800B1ECAA /* QuartzCore.framework */,
				F3CBD6A01DEED2AC00B1ECAA /* OpenGLES.framework */,
				F3CBD69E1DEED2A400B1ECAA /* MapKit.framework */,
				F3CBD69C1DEED29D00B1ECAA /* libz.tbd */,
				F3CBD69A1DEED29300B1ECAA /* libxml2.tbd */,
				F3CBD6981DEED28900B1ECAA /* libstdc++.tbd */,
				F3CBD6961DEED27D00B1ECAA /* libsqlite3.tbd */,
				F3CBD6941DEED27000B1ECAA /* libc++abi.tbd */,
				F3CBD6921DEED26700B1ECAA /* libc++.tbd */,
				F3CBD6901DEED25700B1ECAA /* ImageIO.framework */,
				F3CBD68E1DEED24F00B1ECAA /* CoreVideo.framework */,
				F3CBD68C1DEED24800B1ECAA /* CoreTelephony.framework */,
				F3CBD68A1DEED23C00B1ECAA /* CoreMedia.framework */,
				F3CBD6881DEED23300B1ECAA /* CoreLocation.framework */,
				F3CBD6861DEED22B00B1ECAA /* CoreGraphics.framework */,
				F3CBD6841DEED22500B1ECAA /* CoreAudio.framework */,
				F3CBD6821DEED21900B1ECAA /* CFNetwork.framework */,
				F3CBD6801DEED21200B1ECAA /* AVFoundation.framework */,
				F3CBD67E1DEED20B00B1ECAA /* AudioToolbox.framework */,
				F3CBD67C1DEED20200B1ECAA /* AssetsLibrary.framework */,
			);
			name = Frameworks;
			sourceTree = "<group>";
		};
		F3CBD6AC1DEED3A000B1ECAA /* GQChatListController */ = {
			isa = PBXGroup;
			children = (
				F3CBD6AD1DEED3C500B1ECAA /* GQChatListController.h */,
				F3CBD6AE1DEED3C500B1ECAA /* GQChatListController.m */,
				F3CBD6C61DEEF46E00B1ECAA /* GQUserInfoDataSource.h */,
				F3CBD6C71DEEF46E00B1ECAA /* GQUserInfoDataSource.m */,
			);
			path = GQChatListController;
			sourceTree = "<group>";
		};
		F3CBD6B01DEED85F00B1ECAA /* IMKit */ = {
			isa = PBXGroup;
			children = (
				F3CBD6B11DEED85F00B1ECAA /* Emoji.plist */,
				F3CBD6B21DEED85F00B1ECAA /* RongCloudKit.strings */,
				F3CBD6B41DEED85F00B1ECAA /* RongCloud.bundle */,
				F3CBD6B51DEED85F00B1ECAA /* RongIMKit.framework */,
			);
			path = IMKit;
			sourceTree = "<group>";
		};
		F3CBD6BB1DEED8B400B1ECAA /* IMLib */ = {
			isa = PBXGroup;
			children = (
				F3CBD6BC1DEED8B400B1ECAA /* libopencore-amrnb.a */,
				F3CBD6BD1DEED8B400B1ECAA /* RCConfig.plist */,
				F3CBD6BE1DEED8B400B1ECAA /* RongIMLib.framework */,
			);
			path = IMLib;
			sourceTree = "<group>";
		};
		F3CBD6C21DEED93800B1ECAA /* GQChatController */ = {
			isa = PBXGroup;
			children = (
				F3CBD6C31DEED94D00B1ECAA /* GQChatController.h */,
				F3CBD6C41DEED94D00B1ECAA /* GQChatController.m */,
			);
			path = GQChatController;
			sourceTree = "<group>";
		};
		F3CBD7011DF00EF200B1ECAA /* RedPacket */ = {
			isa = PBXGroup;
			children = (
				F3CBD7021DF00EF200B1ECAA /* AlipaySDK */,
				F3CBD7051DF00EF200B1ECAA /* JrmfIMLib */,
			);
			path = RedPacket;
			sourceTree = "<group>";
		};
		F3CBD7021DF00EF200B1ECAA /* AlipaySDK */ = {
			isa = PBXGroup;
			children = (
				F3CBD7031DF00EF200B1ECAA /* AlipaySDK.bundle */,
				F3CBD7041DF00EF200B1ECAA /* AlipaySDK.framework */,
			);
			path = AlipaySDK;
			sourceTree = "<group>";
		};
		F3CBD7051DF00EF200B1ECAA /* JrmfIMLib */ = {
			isa = PBXGroup;
			children = (
				F3CBD7061DF00EF200B1ECAA /* JrmfInfo.strings */,
				F3CBD7081DF00EF200B1ECAA /* JResource.bundle */,
				F3CBD7091DF00EF200B1ECAA /* JrmfPacketKit.framework */,
				F3CBD70A1DF00EF200B1ECAA /* JYangToolKit.framework */,
			);
			path = JrmfIMLib;
			sourceTree = "<group>";
		};
		F3CBD77D1DF1745400B1ECAA /* QRCodeController */ = {
			isa = PBXGroup;
			children = (
				F3CBD77E1DF1746A00B1ECAA /* QRCodeController.h */,
				F3CBD77F1DF1746A00B1ECAA /* QRCodeController.m */,
			);
			path = QRCodeController;
			sourceTree = "<group>";
		};
/* End PBXGroup section */

/* Begin PBXNativeTarget section */
		F39D9C121DDD548300B2100A /* ios_learning */ = {
			isa = PBXNativeTarget;
			buildConfigurationList = F39D9C2A1DDD548400B2100A /* Build configuration list for PBXNativeTarget "ios_learning" */;
			buildPhases = (
				F39D9C0F1DDD548300B2100A /* Sources */,
				F39D9C101DDD548300B2100A /* Frameworks */,
				F39D9C111DDD548300B2100A /* Resources */,
			);
			buildRules = (
			);
			dependencies = (
			);
			name = ios_learning;
			productName = ios_learning;
			productReference = F39D9C131DDD548300B2100A /* ios_learning.app */;
			productType = "com.apple.product-type.application";
		};
/* End PBXNativeTarget section */

/* Begin PBXProject section */
		F39D9C0B1DDD548300B2100A /* Project object */ = {
			isa = PBXProject;
			attributes = {
				LastUpgradeCheck = 0810;
				ORGANIZATIONNAME = Gideon;
				TargetAttributes = {
					F39D9C121DDD548300B2100A = {
						CreatedOnToolsVersion = 8.1;
						DevelopmentTeam = 8BWMP5PQDU;
						ProvisioningStyle = Automatic;
					};
				};
			};
			buildConfigurationList = F39D9C0E1DDD548300B2100A /* Build configuration list for PBXProject "ios_learning" */;
			compatibilityVersion = "Xcode 3.2";
			developmentRegion = English;
			hasScannedForEncodings = 0;
			knownRegions = (
				en,
				Base,
				"zh-Hans",
			);
			mainGroup = F39D9C0A1DDD548300B2100A;
			productRefGroup = F39D9C141DDD548300B2100A /* Products */;
			projectDirPath = "";
			projectRoot = "";
			targets = (
				F39D9C121DDD548300B2100A /* ios_learning */,
			);
		};
/* End PBXProject section */

/* Begin PBXResourcesBuildPhase section */
		F39D9C111DDD548300B2100A /* Resources */ = {
			isa = PBXResourcesBuildPhase;
			buildActionMask = 2147483647;
			files = (
				F3CBD70C1DF00EF200B1ECAA /* AlipaySDK.bundle in Resources */,
				F3CBD6B91DEED85F00B1ECAA /* RongCloud.bundle in Resources */,
				F3CBD6B71DEED85F00B1ECAA /* Emoji.plist in Resources */,
				F3CBD70F1DF00EF200B1ECAA /* JResource.bundle in Resources */,
				F3CBD70E1DF00EF200B1ECAA /* JrmfInfo.strings in Resources */,
				F39D9C341DDD557300B2100A /* ViewController.xib in Resources */,
				F3CBD6C01DEED8B400B1ECAA /* RCConfig.plist in Resources */,
				F39D9C261DDD548400B2100A /* LaunchScreen.storyboard in Resources */,
				F3CBD6B81DEED85F00B1ECAA /* RongCloudKit.strings in Resources */,
				F39D9C231DDD548400B2100A /* Assets.xcassets in Resources */,
				F39D9C321DDD550300B2100A /* TouchIdController.xib in Resources */,
			);
			runOnlyForDeploymentPostprocessing = 0;
		};
/* End PBXResourcesBuildPhase section */

/* Begin PBXSourcesBuildPhase section */
		F39D9C0F1DDD548300B2100A /* Sources */ = {
			isa = PBXSourcesBuildPhase;
			buildActionMask = 2147483647;
			files = (
				F39D9C1E1DDD548300B2100A /* ViewController.m in Sources */,
				F3CBD6C81DEEF46E00B1ECAA /* GQUserInfoDataSource.m in Sources */,
				F39D9C1B1DDD548300B2100A /* AppDelegate.m in Sources */,
				F39D9C311DDD550300B2100A /* TouchIdController.m in Sources */,
				F3CBD6C51DEED94D00B1ECAA /* GQChatController.m in Sources */,
				F39D9C181DDD548300B2100A /* main.m in Sources */,
				F3CBD6AF1DEED3C500B1ECAA /* GQChatListController.m in Sources */,
				F3CBD7801DF1746A00B1ECAA /* QRCodeController.m in Sources */,
			);
			runOnlyForDeploymentPostprocessing = 0;
		};
/* End PBXSourcesBuildPhase section */

/* Begin PBXVariantGroup section */
		F39D9C241DDD548400B2100A /* LaunchScreen.storyboard */ = {
			isa = PBXVariantGroup;
			children = (
				F39D9C251DDD548400B2100A /* Base */,
			);
			name = LaunchScreen.storyboard;
			sourceTree = "<group>";
		};
		F3CBD6B21DEED85F00B1ECAA /* RongCloudKit.strings */ = {
			isa = PBXVariantGroup;
			children = (
				F3CBD6B31DEED85F00B1ECAA /* en */,
				F3CBD6B61DEED85F00B1ECAA /* zh-Hans */,
			);
			name = RongCloudKit.strings;
			sourceTree = "<group>";
		};
		F3CBD7061DF00EF200B1ECAA /* JrmfInfo.strings */ = {
			isa = PBXVariantGroup;
			children = (
				F3CBD7071DF00EF200B1ECAA /* en */,
				F3CBD70B1DF00EF200B1ECAA /* zh-Hans */,
			);
			name = JrmfInfo.strings;
			sourceTree = "<group>";
		};
/* End PBXVariantGroup section */

/* Begin XCBuildConfiguration section */
		F39D9C281DDD548400B2100A /* Debug */ = {
			isa = XCBuildConfiguration;
			buildSettings = {
				ALWAYS_SEARCH_USER_PATHS = NO;
				CLANG_ANALYZER_NONNULL = YES;
				CLANG_CXX_LANGUAGE_STANDARD = "gnu++0x";
				CLANG_CXX_LIBRARY = "libc++";
				CLANG_ENABLE_MODULES = YES;
				CLANG_ENABLE_OBJC_ARC = YES;
				CLANG_WARN_BOOL_CONVERSION = YES;
				CLANG_WARN_CONSTANT_CONVERSION = YES;
				CLANG_WARN_DIRECT_OBJC_ISA_USAGE = YES_ERROR;
				CLANG_WARN_DOCUMENTATION_COMMENTS = YES;
				CLANG_WARN_EMPTY_BODY = YES;
				CLANG_WARN_ENUM_CONVERSION = YES;
				CLANG_WARN_INFINITE_RECURSION = YES;
				CLANG_WARN_INT_CONVERSION = YES;
				CLANG_WARN_OBJC_ROOT_CLASS = YES_ERROR;
				CLANG_WARN_SUSPICIOUS_MOVES = YES;
				CLANG_WARN_UNREACHABLE_CODE = YES;
				CLANG_WARN__DUPLICATE_METHOD_MATCH = YES;
				"CODE_SIGN_IDENTITY[sdk=iphoneos*]" = "iPhone Developer";
				COPY_PHASE_STRIP = NO;
				DEBUG_INFORMATION_FORMAT = dwarf;
				ENABLE_STRICT_OBJC_MSGSEND = YES;
				ENABLE_TESTABILITY = YES;
				GCC_C_LANGUAGE_STANDARD = gnu99;
				GCC_DYNAMIC_NO_PIC = NO;
				GCC_NO_COMMON_BLOCKS = YES;
				GCC_OPTIMIZATION_LEVEL = 0;
				GCC_PREPROCESSOR_DEFINITIONS = (
					"DEBUG=1",
					"$(inherited)",
				);
				GCC_WARN_64_TO_32_BIT_CONVERSION = YES;
				GCC_WARN_ABOUT_RETURN_TYPE = YES_ERROR;
				GCC_WARN_UNDECLARED_SELECTOR = YES;
				GCC_WARN_UNINITIALIZED_AUTOS = YES_AGGRESSIVE;
				GCC_WARN_UNUSED_FUNCTION = YES;
				GCC_WARN_UNUSED_VARIABLE = YES;
				IPHONEOS_DEPLOYMENT_TARGET = 10.1;
				MTL_ENABLE_DEBUG_INFO = YES;
				ONLY_ACTIVE_ARCH = YES;
				SDKROOT = iphoneos;
			};
			name = Debug;
		};
		F39D9C291DDD548400B2100A /* Release */ = {
			isa = XCBuildConfiguration;
			buildSettings = {
				ALWAYS_SEARCH_USER_PATHS = NO;
				CLANG_ANALYZER_NONNULL = YES;
				CLANG_CXX_LANGUAGE_STANDARD = "gnu++0x";
				CLANG_CXX_LIBRARY = "libc++";
				CLANG_ENABLE_MODULES = YES;
				CLANG_ENABLE_OBJC_ARC = YES;
				CLANG_WARN_BOOL_CONVERSION = YES;
				CLANG_WARN_CONSTANT_CONVERSION = YES;
				CLANG_WARN_DIRECT_OBJC_ISA_USAGE = YES_ERROR;
				CLANG_WARN_DOCUMENTATION_COMMENTS = YES;
				CLANG_WARN_EMPTY_BODY = YES;
				CLANG_WARN_ENUM_CONVERSION = YES;
				CLANG_WARN_INFINITE_RECURSION = YES;
				CLANG_WARN_INT_CONVERSION = YES;
				CLANG_WARN_OBJC_ROOT_CLASS = YES_ERROR;
				CLANG_WARN_SUSPICIOUS_MOVES = YES;
				CLANG_WARN_UNREACHABLE_CODE = YES;
				CLANG_WARN__DUPLICATE_METHOD_MATCH = YES;
				"CODE_SIGN_IDENTITY[sdk=iphoneos*]" = "iPhone Developer";
				COPY_PHASE_STRIP = NO;
				DEBUG_INFORMATION_FORMAT = "dwarf-with-dsym";
				ENABLE_NS_ASSERTIONS = NO;
				ENABLE_STRICT_OBJC_MSGSEND = YES;
				GCC_C_LANGUAGE_STANDARD = gnu99;
				GCC_NO_COMMON_BLOCKS = YES;
				GCC_WARN_64_TO_32_BIT_CONVERSION = YES;
				GCC_WARN_ABOUT_RETURN_TYPE = YES_ERROR;
				GCC_WARN_UNDECLARED_SELECTOR = YES;
				GCC_WARN_UNINITIALIZED_AUTOS = YES_AGGRESSIVE;
				GCC_WARN_UNUSED_FUNCTION = YES;
				GCC_WARN_UNUSED_VARIABLE = YES;
				IPHONEOS_DEPLOYMENT_TARGET = 10.1;
				MTL_ENABLE_DEBUG_INFO = NO;
				SDKROOT = iphoneos;
				VALIDATE_PRODUCT = YES;
			};
			name = Release;
		};
		F39D9C2B1DDD548400B2100A /* Debug */ = {
			isa = XCBuildConfiguration;
			buildSettings = {
				ASSETCATALOG_COMPILER_APPICON_NAME = AppIcon;
				DEVELOPMENT_TEAM = 8BWMP5PQDU;
				FRAMEWORK_SEARCH_PATHS = (
					"$(inherited)",
					"$(PROJECT_DIR)/ios_learning/RongCloud/sdk/IMKit",
					"$(PROJECT_DIR)/ios_learning/RongCloud/sdk/IMLib",
					"$(PROJECT_DIR)/ios_learning/RongCloud/sdk/RedPacket/AlipaySDK",
					"$(PROJECT_DIR)/ios_learning/RongCloud/sdk/RedPacket/JrmfIMLib",
				);
				INFOPLIST_FILE = ios_learning/Info.plist;
				LD_RUNPATH_SEARCH_PATHS = "$(inherited) @executable_path/Frameworks";
				LIBRARY_SEARCH_PATHS = (
					"$(inherited)",
					"$(PROJECT_DIR)/ios_learning/RongCloud/sdk/IMLib",
				);
				OTHER_LDFLAGS = "-ObjC";
				PRODUCT_BUNDLE_IDENTIFIER = "gideon.ios-learning";
				PRODUCT_NAME = "$(TARGET_NAME)";
			};
			name = Debug;
		};
		F39D9C2C1DDD548400B2100A /* Release */ = {
			isa = XCBuildConfiguration;
			buildSettings = {
				ASSETCATALOG_COMPILER_APPICON_NAME = AppIcon;
				DEVELOPMENT_TEAM = 8BWMP5PQDU;
				FRAMEWORK_SEARCH_PATHS = (
					"$(inherited)",
					"$(PROJECT_DIR)/ios_learning/RongCloud/sdk/IMKit",
					"$(PROJECT_DIR)/ios_learning/RongCloud/sdk/IMLib",
					"$(PROJECT_DIR)/ios_learning/RongCloud/sdk/RedPacket/AlipaySDK",
					"$(PROJECT_DIR)/ios_learning/RongCloud/sdk/RedPacket/JrmfIMLib",
				);
				INFOPLIST_FILE = ios_learning/Info.plist;
				LD_RUNPATH_SEARCH_PATHS = "$(inherited) @executable_path/Frameworks";
				LIBRARY_SEARCH_PATHS = (
					"$(inherited)",
					"$(PROJECT_DIR)/ios_learning/RongCloud/sdk/IMLib",
				);
				OTHER_LDFLAGS = "-ObjC";
				PRODUCT_BUNDLE_IDENTIFIER = "gideon.ios-learning";
				PRODUCT_NAME = "$(TARGET_NAME)";
			};
			name = Release;
		};
/* End XCBuildConfiguration section */

/* Begin XCConfigurationList section */
		F39D9C0E1DDD548300B2100A /* Build configuration list for PBXProject "ios_learning" */ = {
			isa = XCConfigurationList;
			buildConfigurations = (
				F39D9C281DDD548400B2100A /* Debug */,
				F39D9C291DDD548400B2100A /* Release */,
			);
			defaultConfigurationIsVisible = 0;
			defaultConfigurationName = Release;
		};
		F39D9C2A1DDD548400B2100A /* Build configuration list for PBXNativeTarget "ios_learning" */ = {
			isa = XCConfigurationList;
			buildConfigurations = (
				F39D9C2B1DDD548400B2100A /* Debug */,
				F39D9C2C1DDD548400B2100A /* Release */,
			);
			defaultConfigurationIsVisible = 0;
			defaultConfigurationName = Release;
		};
/* End XCConfigurationList section */
	};
	rootObject = F39D9C0B1DDD548300B2100A /* Project object */;
}
